
Microsoft Visual Studio Solution File, Format Version 12.00
# Visual Studio 14
VisualStudioVersion = 14.0.23107.0
MinimumVisualStudioVersion = 10.0.40219.1
Project("{FAE04EC0-301F-11D3-BF4B-00C04F79EFBC}") = "AdvancedLauncher", "AdvancedLauncher\AdvancedLauncher.csproj", "{91A457B6-E472-4D26-8666-BBCCF930707E}"
	ProjectSection(ProjectDependencies) = postProject
		{A0011409-0A25-4E95-BF6D-EE7CB9C287DA} = {A0011409-0A25-4E95-BF6D-EE7CB9C287DA}
		{C4DEF32B-8FBB-41B6-80DC-C60339402323} = {C4DEF32B-8FBB-41B6-80DC-C60339402323}
		{0041073D-2FA7-4B35-B904-9C606C89C8CD} = {0041073D-2FA7-4B35-B904-9C606C89C8CD}
		{E218923D-59A4-4FA5-B4BC-E540290DA3F8} = {E218923D-59A4-4FA5-B4BC-E540290DA3F8}
		{A2CF5369-4665-49F6-B948-B44296002C3D} = {A2CF5369-4665-49F6-B948-B44296002C3D}
		{33B8F5CA-34A7-4826-BAD9-7CEC63DF4D0C} = {33B8F5CA-34A7-4826-BAD9-7CEC63DF4D0C}
		{E8CF1ADA-264A-4127-86C2-FD7057D3792C} = {E8CF1ADA-264A-4127-86C2-FD7057D3792C}
		{47B7AFF9-B1E6-418F-ACD4-1541E7CDF570} = {47B7AFF9-B1E6-418F-ACD4-1541E7CDF570}
	EndProjectSection
EndProject
Project("{FAE04EC0-301F-11D3-BF4B-00C04F79EFBC}") = "KBLCService", "KBLCService\KBLCService.csproj", "{32C4C0E7-D91B-43C8-8A05-AD62E7D20F7D}"
EndProject
Project("{FAE04EC0-301F-11D3-BF4B-00C04F79EFBC}") = "AdvancedLauncher.SDK", "AdvancedLauncherSDK\AdvancedLauncher.SDK.csproj", "{D1E7D106-9909-4162-9D22-8798317915AF}"
EndProject
Project("{FAE04EC0-301F-11D3-BF4B-00C04F79EFBC}") = "PluginSample", "PluginSample\PluginSample.csproj", "{47B7AFF9-B1E6-418F-ACD4-1541E7CDF570}"
EndProject
Project("{FAE04EC0-301F-11D3-BF4B-00C04F79EFBC}") = "Microsoft.DwayneNeed.Minimal", "Microsoft.DwayneNeed.Minimal\Microsoft.DwayneNeed.Minimal.csproj", "{80A10B86-6615-4440-93B0-C943DF5B8693}"
EndProject
Project("{2150E333-8FDC-42A3-9474-1A3956D46DE8}") = "Locale-Emulator", "Locale-Emulator", "{0EDD6245-5512-45E5-BC4E-8B02CE5BAEC2}"
EndProject
Project("{FAE04EC0-301F-11D3-BF4B-00C04F79EFBC}") = "LECommonLibrary", "packages\Locale-Emulator\LECommonLibrary\LECommonLibrary.csproj", "{C4DEF32B-8FBB-41B6-80DC-C60339402323}"
EndProject
Project("{FAE04EC0-301F-11D3-BF4B-00C04F79EFBC}") = "LEInstaller", "packages\Locale-Emulator\LEInstaller\LEInstaller.csproj", "{E218923D-59A4-4FA5-B4BC-E540290DA3F8}"
	ProjectSection(ProjectDependencies) = postProject
		{C4DEF32B-8FBB-41B6-80DC-C60339402323} = {C4DEF32B-8FBB-41B6-80DC-C60339402323}
	EndProjectSection
EndProject
Project("{FAE04EC0-301F-11D3-BF4B-00C04F79EFBC}") = "LEProc", "packages\Locale-Emulator\LEProc\LEProc.csproj", "{A2CF5369-4665-49F6-B948-B44296002C3D}"
EndProject
Project("{FAE04EC0-301F-11D3-BF4B-00C04F79EFBC}") = "LEContextMenuHandler", "packages\Locale-Emulator\LEContextMenuHandler\LEContextMenuHandler.csproj", "{0041073D-2FA7-4B35-B904-9C606C89C8CD}"
EndProject
Project("{FAE04EC0-301F-11D3-BF4B-00C04F79EFBC}") = "LEGUI", "packages\Locale-Emulator\LEGUI\LEGUI.csproj", "{33B8F5CA-34A7-4826-BAD9-7CEC63DF4D0C}"
EndProject
Project("{FAE04EC0-301F-11D3-BF4B-00C04F79EFBC}") = "LEUpdater", "packages\Locale-Emulator\LEUpdater\LEUpdater.csproj", "{A0011409-0A25-4E95-BF6D-EE7CB9C287DA}"
EndProject
Project("{2150E333-8FDC-42A3-9474-1A3956D46DE8}") = "BugTrap", "BugTrap", "{4AC797E7-3B63-41C7-8380-CBE56B9BC4E5}"
EndProject
Project("{8BC9CEB8-8B4A-11D0-8D11-00A0C91BC942}") = "zlib", "packages\BugTrap\source\zlib\zlib.vs2015.vcxproj", "{B5919129-6716-499D-9516-04EC34C86CDF}"
EndProject
Project("{8BC9CEB8-8B4A-11D0-8D11-00A0C91BC942}") = "BugTrap", "packages\BugTrap\source\Client\BugTrap.vs2015.vcxproj", "{E8CF1ADA-264A-4127-86C2-FD7057D3792C}"
	ProjectSection(ProjectDependencies) = postProject
		{B5919129-6716-499D-9516-04EC34C86CDF} = {B5919129-6716-499D-9516-04EC34C86CDF}
	EndProjectSection
EndProject
Global
	GlobalSection(SolutionConfigurationPlatforms) = preSolution
		.NET Debug|Any CPU = .NET Debug|Any CPU
		.NET Debug|x64 = .NET Debug|x64
		.NET Debug|x86 = .NET Debug|x86
		.NET Release|Any CPU = .NET Release|Any CPU
		.NET Release|x64 = .NET Release|x64
		.NET Release|x86 = .NET Release|x86
		Debug|Any CPU = Debug|Any CPU
		Debug|x64 = Debug|x64
		Debug|x86 = Debug|x86
		MD Debug|Any CPU = MD Debug|Any CPU
		MD Debug|x64 = MD Debug|x64
		MD Debug|x86 = MD Debug|x86
		MD Release|Any CPU = MD Release|Any CPU
		MD Release|x64 = MD Release|x64
		MD Release|x86 = MD Release|x86
		Release|Any CPU = Release|Any CPU
		Release|x64 = Release|x64
		Release|x86 = Release|x86
		Unicode Debug|Any CPU = Unicode Debug|Any CPU
		Unicode Debug|x64 = Unicode Debug|x64
		Unicode Debug|x86 = Unicode Debug|x86
		Unicode Release|Any CPU = Unicode Release|Any CPU
		Unicode Release|x64 = Unicode Release|x64
		Unicode Release|x86 = Unicode Release|x86
	EndGlobalSection
	GlobalSection(ProjectConfigurationPlatforms) = postSolution
		{91A457B6-E472-4D26-8666-BBCCF930707E}..NET Debug|Any CPU.ActiveCfg = Debug|Any CPU
		{91A457B6-E472-4D26-8666-BBCCF930707E}..NET Debug|Any CPU.Build.0 = Debug|Any CPU
		{91A457B6-E472-4D26-8666-BBCCF930707E}..NET Debug|x64.ActiveCfg = Debug|Any CPU
		{91A457B6-E472-4D26-8666-BBCCF930707E}..NET Debug|x64.Build.0 = Debug|Any CPU
		{91A457B6-E472-4D26-8666-BBCCF930707E}..NET Debug|x86.ActiveCfg = Debug|Any CPU
		{91A457B6-E472-4D26-8666-BBCCF930707E}..NET Debug|x86.Build.0 = Debug|Any CPU
		{91A457B6-E472-4D26-8666-BBCCF930707E}..NET Release|Any CPU.ActiveCfg = Release|Any CPU
		{91A457B6-E472-4D26-8666-BBCCF930707E}..NET Release|Any CPU.Build.0 = Release|Any CPU
		{91A457B6-E472-4D26-8666-BBCCF930707E}..NET Release|x64.ActiveCfg = Release|Any CPU
		{91A457B6-E472-4D26-8666-BBCCF930707E}..NET Release|x64.Build.0 = Release|Any CPU
		{91A457B6-E472-4D26-8666-BBCCF930707E}..NET Release|x86.ActiveCfg = Release|Any CPU
		{91A457B6-E472-4D26-8666-BBCCF930707E}..NET Release|x86.Build.0 = Release|Any CPU
		{91A457B6-E472-4D26-8666-BBCCF930707E}.Debug|Any CPU.ActiveCfg = Debug|Any CPU
		{91A457B6-E472-4D26-8666-BBCCF930707E}.Debug|Any CPU.Build.0 = Debug|Any CPU
		{91A457B6-E472-4D26-8666-BBCCF930707E}.Debug|x64.ActiveCfg = Debug|Any CPU
		{91A457B6-E472-4D26-8666-BBCCF930707E}.Debug|x64.Build.0 = Debug|Any CPU
		{91A457B6-E472-4D26-8666-BBCCF930707E}.Debug|x86.ActiveCfg = Debug|Any CPU
		{91A457B6-E472-4D26-8666-BBCCF930707E}.Debug|x86.Build.0 = Debug|Any CPU
		{91A457B6-E472-4D26-8666-BBCCF930707E}.MD Debug|Any CPU.ActiveCfg = Debug|Any CPU
		{91A457B6-E472-4D26-8666-BBCCF930707E}.MD Debug|Any CPU.Build.0 = Debug|Any CPU
		{91A457B6-E472-4D26-8666-BBCCF930707E}.MD Debug|x64.ActiveCfg = Debug|Any CPU
		{91A457B6-E472-4D26-8666-BBCCF930707E}.MD Debug|x64.Build.0 = Debug|Any CPU
		{91A457B6-E472-4D26-8666-BBCCF930707E}.MD Debug|x86.ActiveCfg = Debug|Any CPU
		{91A457B6-E472-4D26-8666-BBCCF930707E}.MD Debug|x86.Build.0 = Debug|Any CPU
		{91A457B6-E472-4D26-8666-BBCCF930707E}.MD Release|Any CPU.ActiveCfg = Release|Any CPU
		{91A457B6-E472-4D26-8666-BBCCF930707E}.MD Release|Any CPU.Build.0 = Release|Any CPU
		{91A457B6-E472-4D26-8666-BBCCF930707E}.MD Release|x64.ActiveCfg = Release|Any CPU
		{91A457B6-E472-4D26-8666-BBCCF930707E}.MD Release|x64.Build.0 = Release|Any CPU
		{91A457B6-E472-4D26-8666-BBCCF930707E}.MD Release|x86.ActiveCfg = Release|Any CPU
		{91A457B6-E472-4D26-8666-BBCCF930707E}.MD Release|x86.Build.0 = Release|Any CPU
		{91A457B6-E472-4D26-8666-BBCCF930707E}.Release|Any CPU.ActiveCfg = Release|Any CPU
		{91A457B6-E472-4D26-8666-BBCCF930707E}.Release|Any CPU.Build.0 = Release|Any CPU
		{91A457B6-E472-4D26-8666-BBCCF930707E}.Release|x64.ActiveCfg = Release|Any CPU
		{91A457B6-E472-4D26-8666-BBCCF930707E}.Release|x64.Build.0 = Release|Any CPU
		{91A457B6-E472-4D26-8666-BBCCF930707E}.Release|x86.ActiveCfg = Release|Any CPU
		{91A457B6-E472-4D26-8666-BBCCF930707E}.Release|x86.Build.0 = Release|Any CPU
		{91A457B6-E472-4D26-8666-BBCCF930707E}.Unicode Debug|Any CPU.ActiveCfg = Debug|Any CPU
		{91A457B6-E472-4D26-8666-BBCCF930707E}.Unicode Debug|Any CPU.Build.0 = Debug|Any CPU
		{91A457B6-E472-4D26-8666-BBCCF930707E}.Unicode Debug|x64.ActiveCfg = Debug|Any CPU
		{91A457B6-E472-4D26-8666-BBCCF930707E}.Unicode Debug|x64.Build.0 = Debug|Any CPU
		{91A457B6-E472-4D26-8666-BBCCF930707E}.Unicode Debug|x86.ActiveCfg = Debug|Any CPU
		{91A457B6-E472-4D26-8666-BBCCF930707E}.Unicode Debug|x86.Build.0 = Debug|Any CPU
		{91A457B6-E472-4D26-8666-BBCCF930707E}.Unicode Release|Any CPU.ActiveCfg = Release|Any CPU
		{91A457B6-E472-4D26-8666-BBCCF930707E}.Unicode Release|Any CPU.Build.0 = Release|Any CPU
		{91A457B6-E472-4D26-8666-BBCCF930707E}.Unicode Release|x64.ActiveCfg = Release|Any CPU
		{91A457B6-E472-4D26-8666-BBCCF930707E}.Unicode Release|x64.Build.0 = Release|Any CPU
		{91A457B6-E472-4D26-8666-BBCCF930707E}.Unicode Release|x86.ActiveCfg = Release|Any CPU
		{91A457B6-E472-4D26-8666-BBCCF930707E}.Unicode Release|x86.Build.0 = Release|Any CPU
		{32C4C0E7-D91B-43C8-8A05-AD62E7D20F7D}..NET Debug|Any CPU.ActiveCfg = Debug|Any CPU
		{32C4C0E7-D91B-43C8-8A05-AD62E7D20F7D}..NET Debug|Any CPU.Build.0 = Debug|Any CPU
		{32C4C0E7-D91B-43C8-8A05-AD62E7D20F7D}..NET Debug|x64.ActiveCfg = Debug|Any CPU
		{32C4C0E7-D91B-43C8-8A05-AD62E7D20F7D}..NET Debug|x64.Build.0 = Debug|Any CPU
		{32C4C0E7-D91B-43C8-8A05-AD62E7D20F7D}..NET Debug|x86.ActiveCfg = Debug|Any CPU
		{32C4C0E7-D91B-43C8-8A05-AD62E7D20F7D}..NET Debug|x86.Build.0 = Debug|Any CPU
		{32C4C0E7-D91B-43C8-8A05-AD62E7D20F7D}..NET Release|Any CPU.ActiveCfg = Release|Any CPU
		{32C4C0E7-D91B-43C8-8A05-AD62E7D20F7D}..NET Release|Any CPU.Build.0 = Release|Any CPU
		{32C4C0E7-D91B-43C8-8A05-AD62E7D20F7D}..NET Release|x64.ActiveCfg = Release|Any CPU
		{32C4C0E7-D91B-43C8-8A05-AD62E7D20F7D}..NET Release|x64.Build.0 = Release|Any CPU
		{32C4C0E7-D91B-43C8-8A05-AD62E7D20F7D}..NET Release|x86.ActiveCfg = Release|Any CPU
		{32C4C0E7-D91B-43C8-8A05-AD62E7D20F7D}..NET Release|x86.Build.0 = Release|Any CPU
		{32C4C0E7-D91B-43C8-8A05-AD62E7D20F7D}.Debug|Any CPU.ActiveCfg = Debug|Any CPU
		{32C4C0E7-D91B-43C8-8A05-AD62E7D20F7D}.Debug|Any CPU.Build.0 = Debug|Any CPU
		{32C4C0E7-D91B-43C8-8A05-AD62E7D20F7D}.Debug|x64.ActiveCfg = Debug|Any CPU
		{32C4C0E7-D91B-43C8-8A05-AD62E7D20F7D}.Debug|x64.Build.0 = Debug|Any CPU
		{32C4C0E7-D91B-43C8-8A05-AD62E7D20F7D}.Debug|x86.ActiveCfg = Debug|Any CPU
		{32C4C0E7-D91B-43C8-8A05-AD62E7D20F7D}.Debug|x86.Build.0 = Debug|Any CPU
		{32C4C0E7-D91B-43C8-8A05-AD62E7D20F7D}.MD Debug|Any CPU.ActiveCfg = Debug|Any CPU
		{32C4C0E7-D91B-43C8-8A05-AD62E7D20F7D}.MD Debug|Any CPU.Build.0 = Debug|Any CPU
		{32C4C0E7-D91B-43C8-8A05-AD62E7D20F7D}.MD Debug|x64.ActiveCfg = Debug|Any CPU
		{32C4C0E7-D91B-43C8-8A05-AD62E7D20F7D}.MD Debug|x64.Build.0 = Debug|Any CPU
		{32C4C0E7-D91B-43C8-8A05-AD62E7D20F7D}.MD Debug|x86.ActiveCfg = Debug|Any CPU
		{32C4C0E7-D91B-43C8-8A05-AD62E7D20F7D}.MD Debug|x86.Build.0 = Debug|Any CPU
		{32C4C0E7-D91B-43C8-8A05-AD62E7D20F7D}.MD Release|Any CPU.ActiveCfg = Release|Any CPU
		{32C4C0E7-D91B-43C8-8A05-AD62E7D20F7D}.MD Release|Any CPU.Build.0 = Release|Any CPU
		{32C4C0E7-D91B-43C8-8A05-AD62E7D20F7D}.MD Release|x64.ActiveCfg = Release|Any CPU
		{32C4C0E7-D91B-43C8-8A05-AD62E7D20F7D}.MD Release|x64.Build.0 = Release|Any CPU
		{32C4C0E7-D91B-43C8-8A05-AD62E7D20F7D}.MD Release|x86.ActiveCfg = Release|Any CPU
		{32C4C0E7-D91B-43C8-8A05-AD62E7D20F7D}.MD Release|x86.Build.0 = Release|Any CPU
		{32C4C0E7-D91B-43C8-8A05-AD62E7D20F7D}.Release|Any CPU.ActiveCfg = Release|Any CPU
		{32C4C0E7-D91B-43C8-8A05-AD62E7D20F7D}.Release|Any CPU.Build.0 = Release|Any CPU
		{32C4C0E7-D91B-43C8-8A05-AD62E7D20F7D}.Release|x64.ActiveCfg = Release|Any CPU
		{32C4C0E7-D91B-43C8-8A05-AD62E7D20F7D}.Release|x64.Build.0 = Release|Any CPU
		{32C4C0E7-D91B-43C8-8A05-AD62E7D20F7D}.Release|x86.ActiveCfg = Release|Any CPU
		{32C4C0E7-D91B-43C8-8A05-AD62E7D20F7D}.Release|x86.Build.0 = Release|Any CPU
		{32C4C0E7-D91B-43C8-8A05-AD62E7D20F7D}.Unicode Debug|Any CPU.ActiveCfg = Debug|Any CPU
		{32C4C0E7-D91B-43C8-8A05-AD62E7D20F7D}.Unicode Debug|Any CPU.Build.0 = Debug|Any CPU
		{32C4C0E7-D91B-43C8-8A05-AD62E7D20F7D}.Unicode Debug|x64.ActiveCfg = Debug|Any CPU
		{32C4C0E7-D91B-43C8-8A05-AD62E7D20F7D}.Unicode Debug|x64.Build.0 = Debug|Any CPU
		{32C4C0E7-D91B-43C8-8A05-AD62E7D20F7D}.Unicode Debug|x86.ActiveCfg = Debug|Any CPU
		{32C4C0E7-D91B-43C8-8A05-AD62E7D20F7D}.Unicode Debug|x86.Build.0 = Debug|Any CPU
		{32C4C0E7-D91B-43C8-8A05-AD62E7D20F7D}.Unicode Release|Any CPU.ActiveCfg = Release|Any CPU
		{32C4C0E7-D91B-43C8-8A05-AD62E7D20F7D}.Unicode Release|Any CPU.Build.0 = Release|Any CPU
		{32C4C0E7-D91B-43C8-8A05-AD62E7D20F7D}.Unicode Release|x64.ActiveCfg = Release|Any CPU
		{32C4C0E7-D91B-43C8-8A05-AD62E7D20F7D}.Unicode Release|x64.Build.0 = Release|Any CPU
		{32C4C0E7-D91B-43C8-8A05-AD62E7D20F7D}.Unicode Release|x86.ActiveCfg = Release|Any CPU
		{32C4C0E7-D91B-43C8-8A05-AD62E7D20F7D}.Unicode Release|x86.Build.0 = Release|Any CPU
		{D1E7D106-9909-4162-9D22-8798317915AF}..NET Debug|Any CPU.ActiveCfg = Debug|Any CPU
		{D1E7D106-9909-4162-9D22-8798317915AF}..NET Debug|Any CPU.Build.0 = Debug|Any CPU
		{D1E7D106-9909-4162-9D22-8798317915AF}..NET Debug|x64.ActiveCfg = Debug|Any CPU
		{D1E7D106-9909-4162-9D22-8798317915AF}..NET Debug|x64.Build.0 = Debug|Any CPU
		{D1E7D106-9909-4162-9D22-8798317915AF}..NET Debug|x86.ActiveCfg = Debug|Any CPU
		{D1E7D106-9909-4162-9D22-8798317915AF}..NET Debug|x86.Build.0 = Debug|Any CPU
		{D1E7D106-9909-4162-9D22-8798317915AF}..NET Release|Any CPU.ActiveCfg = Release|Any CPU
		{D1E7D106-9909-4162-9D22-8798317915AF}..NET Release|Any CPU.Build.0 = Release|Any CPU
		{D1E7D106-9909-4162-9D22-8798317915AF}..NET Release|x64.ActiveCfg = Release|Any CPU
		{D1E7D106-9909-4162-9D22-8798317915AF}..NET Release|x64.Build.0 = Release|Any CPU
		{D1E7D106-9909-4162-9D22-8798317915AF}..NET Release|x86.ActiveCfg = Release|Any CPU
		{D1E7D106-9909-4162-9D22-8798317915AF}..NET Release|x86.Build.0 = Release|Any CPU
		{D1E7D106-9909-4162-9D22-8798317915AF}.Debug|Any CPU.ActiveCfg = Debug|Any CPU
		{D1E7D106-9909-4162-9D22-8798317915AF}.Debug|Any CPU.Build.0 = Debug|Any CPU
		{D1E7D106-9909-4162-9D22-8798317915AF}.Debug|x64.ActiveCfg = Debug|Any CPU
		{D1E7D106-9909-4162-9D22-8798317915AF}.Debug|x64.Build.0 = Debug|Any CPU
		{D1E7D106-9909-4162-9D22-8798317915AF}.Debug|x86.ActiveCfg = Debug|Any CPU
		{D1E7D106-9909-4162-9D22-8798317915AF}.Debug|x86.Build.0 = Debug|Any CPU
		{D1E7D106-9909-4162-9D22-8798317915AF}.MD Debug|Any CPU.ActiveCfg = Debug|Any CPU
		{D1E7D106-9909-4162-9D22-8798317915AF}.MD Debug|Any CPU.Build.0 = Debug|Any CPU
		{D1E7D106-9909-4162-9D22-8798317915AF}.MD Debug|x64.ActiveCfg = Debug|Any CPU
		{D1E7D106-9909-4162-9D22-8798317915AF}.MD Debug|x64.Build.0 = Debug|Any CPU
		{D1E7D106-9909-4162-9D22-8798317915AF}.MD Debug|x86.ActiveCfg = Debug|Any CPU
		{D1E7D106-9909-4162-9D22-8798317915AF}.MD Debug|x86.Build.0 = Debug|Any CPU
		{D1E7D106-9909-4162-9D22-8798317915AF}.MD Release|Any CPU.ActiveCfg = Release|Any CPU
		{D1E7D106-9909-4162-9D22-8798317915AF}.MD Release|Any CPU.Build.0 = Release|Any CPU
		{D1E7D106-9909-4162-9D22-8798317915AF}.MD Release|x64.ActiveCfg = Release|Any CPU
		{D1E7D106-9909-4162-9D22-8798317915AF}.MD Release|x64.Build.0 = Release|Any CPU
		{D1E7D106-9909-4162-9D22-8798317915AF}.MD Release|x86.ActiveCfg = Release|Any CPU
		{D1E7D106-9909-4162-9D22-8798317915AF}.MD Release|x86.Build.0 = Release|Any CPU
		{D1E7D106-9909-4162-9D22-8798317915AF}.Release|Any CPU.ActiveCfg = Release|Any CPU
		{D1E7D106-9909-4162-9D22-8798317915AF}.Release|Any CPU.Build.0 = Release|Any CPU
		{D1E7D106-9909-4162-9D22-8798317915AF}.Release|x64.ActiveCfg = Release|Any CPU
		{D1E7D106-9909-4162-9D22-8798317915AF}.Release|x64.Build.0 = Release|Any CPU
		{D1E7D106-9909-4162-9D22-8798317915AF}.Release|x86.ActiveCfg = Release|Any CPU
		{D1E7D106-9909-4162-9D22-8798317915AF}.Release|x86.Build.0 = Release|Any CPU
		{D1E7D106-9909-4162-9D22-8798317915AF}.Unicode Debug|Any CPU.ActiveCfg = Debug|Any CPU
		{D1E7D106-9909-4162-9D22-8798317915AF}.Unicode Debug|Any CPU.Build.0 = Debug|Any CPU
		{D1E7D106-9909-4162-9D22-8798317915AF}.Unicode Debug|x64.ActiveCfg = Debug|Any CPU
		{D1E7D106-9909-4162-9D22-8798317915AF}.Unicode Debug|x64.Build.0 = Debug|Any CPU
		{D1E7D106-9909-4162-9D22-8798317915AF}.Unicode Debug|x86.ActiveCfg = Debug|Any CPU
		{D1E7D106-9909-4162-9D22-8798317915AF}.Unicode Debug|x86.Build.0 = Debug|Any CPU
		{D1E7D106-9909-4162-9D22-8798317915AF}.Unicode Release|Any CPU.ActiveCfg = Release|Any CPU
		{D1E7D106-9909-4162-9D22-8798317915AF}.Unicode Release|Any CPU.Build.0 = Release|Any CPU
		{D1E7D106-9909-4162-9D22-8798317915AF}.Unicode Release|x64.ActiveCfg = Release|Any CPU
		{D1E7D106-9909-4162-9D22-8798317915AF}.Unicode Release|x64.Build.0 = Release|Any CPU
		{D1E7D106-9909-4162-9D22-8798317915AF}.Unicode Release|x86.ActiveCfg = Release|Any CPU
		{D1E7D106-9909-4162-9D22-8798317915AF}.Unicode Release|x86.Build.0 = Release|Any CPU
		{47B7AFF9-B1E6-418F-ACD4-1541E7CDF570}..NET Debug|Any CPU.ActiveCfg = Debug|Any CPU
		{47B7AFF9-B1E6-418F-ACD4-1541E7CDF570}..NET Debug|Any CPU.Build.0 = Debug|Any CPU
		{47B7AFF9-B1E6-418F-ACD4-1541E7CDF570}..NET Debug|x64.ActiveCfg = Debug|Any CPU
		{47B7AFF9-B1E6-418F-ACD4-1541E7CDF570}..NET Debug|x64.Build.0 = Debug|Any CPU
		{47B7AFF9-B1E6-418F-ACD4-1541E7CDF570}..NET Debug|x86.ActiveCfg = Debug|Any CPU
		{47B7AFF9-B1E6-418F-ACD4-1541E7CDF570}..NET Debug|x86.Build.0 = Debug|Any CPU
		{47B7AFF9-B1E6-418F-ACD4-1541E7CDF570}..NET Release|Any CPU.ActiveCfg = Release|Any CPU
		{47B7AFF9-B1E6-418F-ACD4-1541E7CDF570}..NET Release|Any CPU.Build.0 = Release|Any CPU
		{47B7AFF9-B1E6-418F-ACD4-1541E7CDF570}..NET Release|x64.ActiveCfg = Release|Any CPU
		{47B7AFF9-B1E6-418F-ACD4-1541E7CDF570}..NET Release|x64.Build.0 = Release|Any CPU
		{47B7AFF9-B1E6-418F-ACD4-1541E7CDF570}..NET Release|x86.ActiveCfg = Release|Any CPU
		{47B7AFF9-B1E6-418F-ACD4-1541E7CDF570}..NET Release|x86.Build.0 = Release|Any CPU
		{47B7AFF9-B1E6-418F-ACD4-1541E7CDF570}.Debug|Any CPU.ActiveCfg = Debug|Any CPU
		{47B7AFF9-B1E6-418F-ACD4-1541E7CDF570}.Debug|Any CPU.Build.0 = Debug|Any CPU
		{47B7AFF9-B1E6-418F-ACD4-1541E7CDF570}.Debug|x64.ActiveCfg = Debug|Any CPU
		{47B7AFF9-B1E6-418F-ACD4-1541E7CDF570}.Debug|x64.Build.0 = Debug|Any CPU
		{47B7AFF9-B1E6-418F-ACD4-1541E7CDF570}.Debug|x86.ActiveCfg = Debug|Any CPU
		{47B7AFF9-B1E6-418F-ACD4-1541E7CDF570}.Debug|x86.Build.0 = Debug|Any CPU
		{47B7AFF9-B1E6-418F-ACD4-1541E7CDF570}.MD Debug|Any CPU.ActiveCfg = Debug|Any CPU
		{47B7AFF9-B1E6-418F-ACD4-1541E7CDF570}.MD Debug|Any CPU.Build.0 = Debug|Any CPU
		{47B7AFF9-B1E6-418F-ACD4-1541E7CDF570}.MD Debug|x64.ActiveCfg = Debug|Any CPU
		{47B7AFF9-B1E6-418F-ACD4-1541E7CDF570}.MD Debug|x64.Build.0 = Debug|Any CPU
		{47B7AFF9-B1E6-418F-ACD4-1541E7CDF570}.MD Debug|x86.ActiveCfg = Debug|Any CPU
		{47B7AFF9-B1E6-418F-ACD4-1541E7CDF570}.MD Debug|x86.Build.0 = Debug|Any CPU
		{47B7AFF9-B1E6-418F-ACD4-1541E7CDF570}.MD Release|Any CPU.ActiveCfg = Release|Any CPU
		{47B7AFF9-B1E6-418F-ACD4-1541E7CDF570}.MD Release|Any CPU.Build.0 = Release|Any CPU
		{47B7AFF9-B1E6-418F-ACD4-1541E7CDF570}.MD Release|x64.ActiveCfg = Release|Any CPU
		{47B7AFF9-B1E6-418F-ACD4-1541E7CDF570}.MD Release|x64.Build.0 = Release|Any CPU
		{47B7AFF9-B1E6-418F-ACD4-1541E7CDF570}.MD Release|x86.ActiveCfg = Release|Any CPU
		{47B7AFF9-B1E6-418F-ACD4-1541E7CDF570}.MD Release|x86.Build.0 = Release|Any CPU
		{47B7AFF9-B1E6-418F-ACD4-1541E7CDF570}.Release|Any CPU.ActiveCfg = Release|Any CPU
		{47B7AFF9-B1E6-418F-ACD4-1541E7CDF570}.Release|Any CPU.Build.0 = Release|Any CPU
		{47B7AFF9-B1E6-418F-ACD4-1541E7CDF570}.Release|x64.ActiveCfg = Release|Any CPU
		{47B7AFF9-B1E6-418F-ACD4-1541E7CDF570}.Release|x64.Build.0 = Release|Any CPU
		{47B7AFF9-B1E6-418F-ACD4-1541E7CDF570}.Release|x86.ActiveCfg = Release|Any CPU
		{47B7AFF9-B1E6-418F-ACD4-1541E7CDF570}.Release|x86.Build.0 = Release|Any CPU
		{47B7AFF9-B1E6-418F-ACD4-1541E7CDF570}.Unicode Debug|Any CPU.ActiveCfg = Debug|Any CPU
		{47B7AFF9-B1E6-418F-ACD4-1541E7CDF570}.Unicode Debug|Any CPU.Build.0 = Debug|Any CPU
		{47B7AFF9-B1E6-418F-ACD4-1541E7CDF570}.Unicode Debug|x64.ActiveCfg = Debug|Any CPU
		{47B7AFF9-B1E6-418F-ACD4-1541E7CDF570}.Unicode Debug|x64.Build.0 = Debug|Any CPU
		{47B7AFF9-B1E6-418F-ACD4-1541E7CDF570}.Unicode Debug|x86.ActiveCfg = Debug|Any CPU
		{47B7AFF9-B1E6-418F-ACD4-1541E7CDF570}.Unicode Debug|x86.Build.0 = Debug|Any CPU
		{47B7AFF9-B1E6-418F-ACD4-1541E7CDF570}.Unicode Release|Any CPU.ActiveCfg = Release|Any CPU
		{47B7AFF9-B1E6-418F-ACD4-1541E7CDF570}.Unicode Release|Any CPU.Build.0 = Release|Any CPU
		{47B7AFF9-B1E6-418F-ACD4-1541E7CDF570}.Unicode Release|x64.ActiveCfg = Release|Any CPU
		{47B7AFF9-B1E6-418F-ACD4-1541E7CDF570}.Unicode Release|x64.Build.0 = Release|Any CPU
		{47B7AFF9-B1E6-418F-ACD4-1541E7CDF570}.Unicode Release|x86.ActiveCfg = Release|Any CPU
		{47B7AFF9-B1E6-418F-ACD4-1541E7CDF570}.Unicode Release|x86.Build.0 = Release|Any CPU
		{80A10B86-6615-4440-93B0-C943DF5B8693}..NET Debug|Any CPU.ActiveCfg = Debug|Any CPU
		{80A10B86-6615-4440-93B0-C943DF5B8693}..NET Debug|Any CPU.Build.0 = Debug|Any CPU
		{80A10B86-6615-4440-93B0-C943DF5B8693}..NET Debug|x64.ActiveCfg = Debug|Any CPU
		{80A10B86-6615-4440-93B0-C943DF5B8693}..NET Debug|x64.Build.0 = Debug|Any CPU
		{80A10B86-6615-4440-93B0-C943DF5B8693}..NET Debug|x86.ActiveCfg = Debug|Any CPU
		{80A10B86-6615-4440-93B0-C943DF5B8693}..NET Debug|x86.Build.0 = Debug|Any CPU
		{80A10B86-6615-4440-93B0-C943DF5B8693}..NET Release|Any CPU.ActiveCfg = Release|Any CPU
		{80A10B86-6615-4440-93B0-C943DF5B8693}..NET Release|Any CPU.Build.0 = Release|Any CPU
		{80A10B86-6615-4440-93B0-C943DF5B8693}..NET Release|x64.ActiveCfg = Release|Any CPU
		{80A10B86-6615-4440-93B0-C943DF5B8693}..NET Release|x64.Build.0 = Release|Any CPU
		{80A10B86-6615-4440-93B0-C943DF5B8693}..NET Release|x86.ActiveCfg = Release|Any CPU
		{80A10B86-6615-4440-93B0-C943DF5B8693}..NET Release|x86.Build.0 = Release|Any CPU
		{80A10B86-6615-4440-93B0-C943DF5B8693}.Debug|Any CPU.ActiveCfg = Debug|Any CPU
		{80A10B86-6615-4440-93B0-C943DF5B8693}.Debug|Any CPU.Build.0 = Debug|Any CPU
		{80A10B86-6615-4440-93B0-C943DF5B8693}.Debug|x64.ActiveCfg = Debug|Any CPU
		{80A10B86-6615-4440-93B0-C943DF5B8693}.Debug|x64.Build.0 = Debug|Any CPU
		{80A10B86-6615-4440-93B0-C943DF5B8693}.Debug|x86.ActiveCfg = Debug|Any CPU
		{80A10B86-6615-4440-93B0-C943DF5B8693}.Debug|x86.Build.0 = Debug|Any CPU
		{80A10B86-6615-4440-93B0-C943DF5B8693}.MD Debug|Any CPU.ActiveCfg = Debug|Any CPU
		{80A10B86-6615-4440-93B0-C943DF5B8693}.MD Debug|Any CPU.Build.0 = Debug|Any CPU
		{80A10B86-6615-4440-93B0-C943DF5B8693}.MD Debug|x64.ActiveCfg = Debug|Any CPU
		{80A10B86-6615-4440-93B0-C943DF5B8693}.MD Debug|x64.Build.0 = Debug|Any CPU
		{80A10B86-6615-4440-93B0-C943DF5B8693}.MD Debug|x86.ActiveCfg = Debug|Any CPU
		{80A10B86-6615-4440-93B0-C943DF5B8693}.MD Debug|x86.Build.0 = Debug|Any CPU
		{80A10B86-6615-4440-93B0-C943DF5B8693}.MD Release|Any CPU.ActiveCfg = Release|Any CPU
		{80A10B86-6615-4440-93B0-C943DF5B8693}.MD Release|Any CPU.Build.0 = Release|Any CPU
		{80A10B86-6615-4440-93B0-C943DF5B8693}.MD Release|x64.ActiveCfg = Release|Any CPU
		{80A10B86-6615-4440-93B0-C943DF5B8693}.MD Release|x64.Build.0 = Release|Any CPU
		{80A10B86-6615-4440-93B0-C943DF5B8693}.MD Release|x86.ActiveCfg = Release|Any CPU
		{80A10B86-6615-4440-93B0-C943DF5B8693}.MD Release|x86.Build.0 = Release|Any CPU
		{80A10B86-6615-4440-93B0-C943DF5B8693}.Release|Any CPU.ActiveCfg = Release|Any CPU
		{80A10B86-6615-4440-93B0-C943DF5B8693}.Release|Any CPU.Build.0 = Release|Any CPU
		{80A10B86-6615-4440-93B0-C943DF5B8693}.Release|x64.ActiveCfg = Release|Any CPU
		{80A10B86-6615-4440-93B0-C943DF5B8693}.Release|x64.Build.0 = Release|Any CPU
		{80A10B86-6615-4440-93B0-C943DF5B8693}.Release|x86.ActiveCfg = Release|Any CPU
		{80A10B86-6615-4440-93B0-C943DF5B8693}.Release|x86.Build.0 = Release|Any CPU
		{80A10B86-6615-4440-93B0-C943DF5B8693}.Unicode Debug|Any CPU.ActiveCfg = Debug|Any CPU
		{80A10B86-6615-4440-93B0-C943DF5B8693}.Unicode Debug|Any CPU.Build.0 = Debug|Any CPU
		{80A10B86-6615-4440-93B0-C943DF5B8693}.Unicode Debug|x64.ActiveCfg = Debug|Any CPU
		{80A10B86-6615-4440-93B0-C943DF5B8693}.Unicode Debug|x64.Build.0 = Debug|Any CPU
		{80A10B86-6615-4440-93B0-C943DF5B8693}.Unicode Debug|x86.ActiveCfg = Debug|Any CPU
		{80A10B86-6615-4440-93B0-C943DF5B8693}.Unicode Debug|x86.Build.0 = Debug|Any CPU
		{80A10B86-6615-4440-93B0-C943DF5B8693}.Unicode Release|Any CPU.ActiveCfg = Release|Any CPU
		{80A10B86-6615-4440-93B0-C943DF5B8693}.Unicode Release|Any CPU.Build.0 = Release|Any CPU
		{80A10B86-6615-4440-93B0-C943DF5B8693}.Unicode Release|x64.ActiveCfg = Release|Any CPU
		{80A10B86-6615-4440-93B0-C943DF5B8693}.Unicode Release|x64.Build.0 = Release|Any CPU
		{80A10B86-6615-4440-93B0-C943DF5B8693}.Unicode Release|x86.ActiveCfg = Release|Any CPU
		{80A10B86-6615-4440-93B0-C943DF5B8693}.Unicode Release|x86.Build.0 = Release|Any CPU
		{C4DEF32B-8FBB-41B6-80DC-C60339402323}..NET Debug|Any CPU.ActiveCfg = Debug|Any CPU
		{C4DEF32B-8FBB-41B6-80DC-C60339402323}..NET Debug|Any CPU.Build.0 = Debug|Any CPU
		{C4DEF32B-8FBB-41B6-80DC-C60339402323}..NET Debug|x64.ActiveCfg = Debug|Any CPU
		{C4DEF32B-8FBB-41B6-80DC-C60339402323}..NET Debug|x64.Build.0 = Debug|Any CPU
		{C4DEF32B-8FBB-41B6-80DC-C60339402323}..NET Debug|x86.ActiveCfg = Debug|Any CPU
		{C4DEF32B-8FBB-41B6-80DC-C60339402323}..NET Debug|x86.Build.0 = Debug|Any CPU
		{C4DEF32B-8FBB-41B6-80DC-C60339402323}..NET Release|Any CPU.ActiveCfg = Release|Any CPU
		{C4DEF32B-8FBB-41B6-80DC-C60339402323}..NET Release|Any CPU.Build.0 = Release|Any CPU
		{C4DEF32B-8FBB-41B6-80DC-C60339402323}..NET Release|x64.ActiveCfg = Release|Any CPU
		{C4DEF32B-8FBB-41B6-80DC-C60339402323}..NET Release|x64.Build.0 = Release|Any CPU
		{C4DEF32B-8FBB-41B6-80DC-C60339402323}..NET Release|x86.ActiveCfg = Release|Any CPU
		{C4DEF32B-8FBB-41B6-80DC-C60339402323}..NET Release|x86.Build.0 = Release|Any CPU
		{C4DEF32B-8FBB-41B6-80DC-C60339402323}.Debug|Any CPU.ActiveCfg = Debug|Any CPU
		{C4DEF32B-8FBB-41B6-80DC-C60339402323}.Debug|Any CPU.Build.0 = Debug|Any CPU
		{C4DEF32B-8FBB-41B6-80DC-C60339402323}.Debug|x64.ActiveCfg = Debug|Any CPU
		{C4DEF32B-8FBB-41B6-80DC-C60339402323}.Debug|x64.Build.0 = Debug|Any CPU
		{C4DEF32B-8FBB-41B6-80DC-C60339402323}.Debug|x86.ActiveCfg = Debug|Any CPU
		{C4DEF32B-8FBB-41B6-80DC-C60339402323}.Debug|x86.Build.0 = Debug|Any CPU
		{C4DEF32B-8FBB-41B6-80DC-C60339402323}.MD Debug|Any CPU.ActiveCfg = Debug|Any CPU
		{C4DEF32B-8FBB-41B6-80DC-C60339402323}.MD Debug|Any CPU.Build.0 = Debug|Any CPU
		{C4DEF32B-8FBB-41B6-80DC-C60339402323}.MD Debug|x64.ActiveCfg = Debug|Any CPU
		{C4DEF32B-8FBB-41B6-80DC-C60339402323}.MD Debug|x64.Build.0 = Debug|Any CPU
		{C4DEF32B-8FBB-41B6-80DC-C60339402323}.MD Debug|x86.ActiveCfg = Debug|Any CPU
		{C4DEF32B-8FBB-41B6-80DC-C60339402323}.MD Debug|x86.Build.0 = Debug|Any CPU
		{C4DEF32B-8FBB-41B6-80DC-C60339402323}.MD Release|Any CPU.ActiveCfg = Release|Any CPU
		{C4DEF32B-8FBB-41B6-80DC-C60339402323}.MD Release|Any CPU.Build.0 = Release|Any CPU
		{C4DEF32B-8FBB-41B6-80DC-C60339402323}.MD Release|x64.ActiveCfg = Release|Any CPU
		{C4DEF32B-8FBB-41B6-80DC-C60339402323}.MD Release|x64.Build.0 = Release|Any CPU
		{C4DEF32B-8FBB-41B6-80DC-C60339402323}.MD Release|x86.ActiveCfg = Release|Any CPU
		{C4DEF32B-8FBB-41B6-80DC-C60339402323}.MD Release|x86.Build.0 = Release|Any CPU
		{C4DEF32B-8FBB-41B6-80DC-C60339402323}.Release|Any CPU.ActiveCfg = Release|Any CPU
		{C4DEF32B-8FBB-41B6-80DC-C60339402323}.Release|Any CPU.Build.0 = Release|Any CPU
		{C4DEF32B-8FBB-41B6-80DC-C60339402323}.Release|x64.ActiveCfg = Release|Any CPU
		{C4DEF32B-8FBB-41B6-80DC-C60339402323}.Release|x64.Build.0 = Release|Any CPU
		{C4DEF32B-8FBB-41B6-80DC-C60339402323}.Release|x86.ActiveCfg = Release|Any CPU
		{C4DEF32B-8FBB-41B6-80DC-C60339402323}.Release|x86.Build.0 = Release|Any CPU
		{C4DEF32B-8FBB-41B6-80DC-C60339402323}.Unicode Debug|Any CPU.ActiveCfg = Debug|Any CPU
		{C4DEF32B-8FBB-41B6-80DC-C60339402323}.Unicode Debug|Any CPU.Build.0 = Debug|Any CPU
		{C4DEF32B-8FBB-41B6-80DC-C60339402323}.Unicode Debug|x64.ActiveCfg = Debug|Any CPU
		{C4DEF32B-8FBB-41B6-80DC-C60339402323}.Unicode Debug|x64.Build.0 = Debug|Any CPU
		{C4DEF32B-8FBB-41B6-80DC-C60339402323}.Unicode Debug|x86.ActiveCfg = Debug|Any CPU
		{C4DEF32B-8FBB-41B6-80DC-C60339402323}.Unicode Debug|x86.Build.0 = Debug|Any CPU
		{C4DEF32B-8FBB-41B6-80DC-C60339402323}.Unicode Release|Any CPU.ActiveCfg = Release|Any CPU
		{C4DEF32B-8FBB-41B6-80DC-C60339402323}.Unicode Release|Any CPU.Build.0 = Release|Any CPU
		{C4DEF32B-8FBB-41B6-80DC-C60339402323}.Unicode Release|x64.ActiveCfg = Release|Any CPU
		{C4DEF32B-8FBB-41B6-80DC-C60339402323}.Unicode Release|x64.Build.0 = Release|Any CPU
		{C4DEF32B-8FBB-41B6-80DC-C60339402323}.Unicode Release|x86.ActiveCfg = Release|Any CPU
		{C4DEF32B-8FBB-41B6-80DC-C60339402323}.Unicode Release|x86.Build.0 = Release|Any CPU
		{E218923D-59A4-4FA5-B4BC-E540290DA3F8}..NET Debug|Any CPU.ActiveCfg = Debug|Any CPU
		{E218923D-59A4-4FA5-B4BC-E540290DA3F8}..NET Debug|Any CPU.Build.0 = Debug|Any CPU
		{E218923D-59A4-4FA5-B4BC-E540290DA3F8}..NET Debug|x64.ActiveCfg = Debug|Any CPU
		{E218923D-59A4-4FA5-B4BC-E540290DA3F8}..NET Debug|x64.Build.0 = Debug|Any CPU
		{E218923D-59A4-4FA5-B4BC-E540290DA3F8}..NET Debug|x86.ActiveCfg = Debug|Any CPU
		{E218923D-59A4-4FA5-B4BC-E540290DA3F8}..NET Debug|x86.Build.0 = Debug|Any CPU
		{E218923D-59A4-4FA5-B4BC-E540290DA3F8}..NET Release|Any CPU.ActiveCfg = Release|Any CPU
		{E218923D-59A4-4FA5-B4BC-E540290DA3F8}..NET Release|Any CPU.Build.0 = Release|Any CPU
		{E218923D-59A4-4FA5-B4BC-E540290DA3F8}..NET Release|x64.ActiveCfg = Release|Any CPU
		{E218923D-59A4-4FA5-B4BC-E540290DA3F8}..NET Release|x64.Build.0 = Release|Any CPU
		{E218923D-59A4-4FA5-B4BC-E540290DA3F8}..NET Release|x86.ActiveCfg = Release|Any CPU
		{E218923D-59A4-4FA5-B4BC-E540290DA3F8}..NET Release|x86.Build.0 = Release|Any CPU
		{E218923D-59A4-4FA5-B4BC-E540290DA3F8}.Debug|Any CPU.ActiveCfg = Debug|Any CPU
		{E218923D-59A4-4FA5-B4BC-E540290DA3F8}.Debug|x64.ActiveCfg = Debug|Any CPU
		{E218923D-59A4-4FA5-B4BC-E540290DA3F8}.Debug|x64.Build.0 = Debug|Any CPU
		{E218923D-59A4-4FA5-B4BC-E540290DA3F8}.Debug|x86.ActiveCfg = Debug|Any CPU
		{E218923D-59A4-4FA5-B4BC-E540290DA3F8}.Debug|x86.Build.0 = Debug|Any CPU
		{E218923D-59A4-4FA5-B4BC-E540290DA3F8}.MD Debug|Any CPU.ActiveCfg = Debug|Any CPU
		{E218923D-59A4-4FA5-B4BC-E540290DA3F8}.MD Debug|Any CPU.Build.0 = Debug|Any CPU
		{E218923D-59A4-4FA5-B4BC-E540290DA3F8}.MD Debug|x64.ActiveCfg = Debug|Any CPU
		{E218923D-59A4-4FA5-B4BC-E540290DA3F8}.MD Debug|x64.Build.0 = Debug|Any CPU
		{E218923D-59A4-4FA5-B4BC-E540290DA3F8}.MD Debug|x86.ActiveCfg = Debug|Any CPU
		{E218923D-59A4-4FA5-B4BC-E540290DA3F8}.MD Debug|x86.Build.0 = Debug|Any CPU
		{E218923D-59A4-4FA5-B4BC-E540290DA3F8}.MD Release|Any CPU.ActiveCfg = Release|Any CPU
		{E218923D-59A4-4FA5-B4BC-E540290DA3F8}.MD Release|Any CPU.Build.0 = Release|Any CPU
		{E218923D-59A4-4FA5-B4BC-E540290DA3F8}.MD Release|x64.ActiveCfg = Release|Any CPU
		{E218923D-59A4-4FA5-B4BC-E540290DA3F8}.MD Release|x64.Build.0 = Release|Any CPU
		{E218923D-59A4-4FA5-B4BC-E540290DA3F8}.MD Release|x86.ActiveCfg = Release|Any CPU
		{E218923D-59A4-4FA5-B4BC-E540290DA3F8}.MD Release|x86.Build.0 = Release|Any CPU
		{E218923D-59A4-4FA5-B4BC-E540290DA3F8}.Release|Any CPU.ActiveCfg = Release|Any CPU
		{E218923D-59A4-4FA5-B4BC-E540290DA3F8}.Release|x64.ActiveCfg = Release|Any CPU
		{E218923D-59A4-4FA5-B4BC-E540290DA3F8}.Release|x64.Build.0 = Release|Any CPU
		{E218923D-59A4-4FA5-B4BC-E540290DA3F8}.Release|x86.ActiveCfg = Release|Any CPU
		{E218923D-59A4-4FA5-B4BC-E540290DA3F8}.Release|x86.Build.0 = Release|Any CPU
		{E218923D-59A4-4FA5-B4BC-E540290DA3F8}.Unicode Debug|Any CPU.ActiveCfg = Debug|Any CPU
		{E218923D-59A4-4FA5-B4BC-E540290DA3F8}.Unicode Debug|Any CPU.Build.0 = Debug|Any CPU
		{E218923D-59A4-4FA5-B4BC-E540290DA3F8}.Unicode Debug|x64.ActiveCfg = Debug|Any CPU
		{E218923D-59A4-4FA5-B4BC-E540290DA3F8}.Unicode Debug|x64.Build.0 = Debug|Any CPU
		{E218923D-59A4-4FA5-B4BC-E540290DA3F8}.Unicode Debug|x86.ActiveCfg = Debug|Any CPU
		{E218923D-59A4-4FA5-B4BC-E540290DA3F8}.Unicode Debug|x86.Build.0 = Debug|Any CPU
		{E218923D-59A4-4FA5-B4BC-E540290DA3F8}.Unicode Release|Any CPU.ActiveCfg = Release|Any CPU
		{E218923D-59A4-4FA5-B4BC-E540290DA3F8}.Unicode Release|Any CPU.Build.0 = Release|Any CPU
		{E218923D-59A4-4FA5-B4BC-E540290DA3F8}.Unicode Release|x64.ActiveCfg = Release|Any CPU
		{E218923D-59A4-4FA5-B4BC-E540290DA3F8}.Unicode Release|x64.Build.0 = Release|Any CPU
		{E218923D-59A4-4FA5-B4BC-E540290DA3F8}.Unicode Release|x86.ActiveCfg = Release|Any CPU
		{E218923D-59A4-4FA5-B4BC-E540290DA3F8}.Unicode Release|x86.Build.0 = Release|Any CPU
		{A2CF5369-4665-49F6-B948-B44296002C3D}..NET Debug|Any CPU.ActiveCfg = Debug|Any CPU
		{A2CF5369-4665-49F6-B948-B44296002C3D}..NET Debug|Any CPU.Build.0 = Debug|Any CPU
		{A2CF5369-4665-49F6-B948-B44296002C3D}..NET Debug|x64.ActiveCfg = Debug|Any CPU
		{A2CF5369-4665-49F6-B948-B44296002C3D}..NET Debug|x64.Build.0 = Debug|Any CPU
		{A2CF5369-4665-49F6-B948-B44296002C3D}..NET Debug|x86.ActiveCfg = Debug|Any CPU
		{A2CF5369-4665-49F6-B948-B44296002C3D}..NET Debug|x86.Build.0 = Debug|Any CPU
		{A2CF5369-4665-49F6-B948-B44296002C3D}..NET Release|Any CPU.ActiveCfg = Release|Any CPU
		{A2CF5369-4665-49F6-B948-B44296002C3D}..NET Release|Any CPU.Build.0 = Release|Any CPU
		{A2CF5369-4665-49F6-B948-B44296002C3D}..NET Release|x64.ActiveCfg = Release|Any CPU
		{A2CF5369-4665-49F6-B948-B44296002C3D}..NET Release|x64.Build.0 = Release|Any CPU
		{A2CF5369-4665-49F6-B948-B44296002C3D}..NET Release|x86.ActiveCfg = Release|Any CPU
		{A2CF5369-4665-49F6-B948-B44296002C3D}..NET Release|x86.Build.0 = Release|Any CPU
		{A2CF5369-4665-49F6-B948-B44296002C3D}.Debug|Any CPU.ActiveCfg = Debug|Any CPU
		{A2CF5369-4665-49F6-B948-B44296002C3D}.Debug|Any CPU.Build.0 = Debug|Any CPU
		{A2CF5369-4665-49F6-B948-B44296002C3D}.Debug|x64.ActiveCfg = Debug|Any CPU
		{A2CF5369-4665-49F6-B948-B44296002C3D}.Debug|x64.Build.0 = Debug|Any CPU
		{A2CF5369-4665-49F6-B948-B44296002C3D}.Debug|x86.ActiveCfg = Debug|Any CPU
		{A2CF5369-4665-49F6-B948-B44296002C3D}.Debug|x86.Build.0 = Debug|Any CPU
		{A2CF5369-4665-49F6-B948-B44296002C3D}.MD Debug|Any CPU.ActiveCfg = Debug|Any CPU
		{A2CF5369-4665-49F6-B948-B44296002C3D}.MD Debug|Any CPU.Build.0 = Debug|Any CPU
		{A2CF5369-4665-49F6-B948-B44296002C3D}.MD Debug|x64.ActiveCfg = Debug|Any CPU
		{A2CF5369-4665-49F6-B948-B44296002C3D}.MD Debug|x64.Build.0 = Debug|Any CPU
		{A2CF5369-4665-49F6-B948-B44296002C3D}.MD Debug|x86.ActiveCfg = Debug|Any CPU
		{A2CF5369-4665-49F6-B948-B44296002C3D}.MD Debug|x86.Build.0 = Debug|Any CPU
		{A2CF5369-4665-49F6-B948-B44296002C3D}.MD Release|Any CPU.ActiveCfg = Release|Any CPU
		{A2CF5369-4665-49F6-B948-B44296002C3D}.MD Release|Any CPU.Build.0 = Release|Any CPU
		{A2CF5369-4665-49F6-B948-B44296002C3D}.MD Release|x64.ActiveCfg = Release|Any CPU
		{A2CF5369-4665-49F6-B948-B44296002C3D}.MD Release|x64.Build.0 = Release|Any CPU
		{A2CF5369-4665-49F6-B948-B44296002C3D}.MD Release|x86.ActiveCfg = Release|Any CPU
		{A2CF5369-4665-49F6-B948-B44296002C3D}.MD Release|x86.Build.0 = Release|Any CPU
		{A2CF5369-4665-49F6-B948-B44296002C3D}.Release|Any CPU.ActiveCfg = Release|Any CPU
		{A2CF5369-4665-49F6-B948-B44296002C3D}.Release|Any CPU.Build.0 = Release|Any CPU
		{A2CF5369-4665-49F6-B948-B44296002C3D}.Release|x64.ActiveCfg = Release|Any CPU
		{A2CF5369-4665-49F6-B948-B44296002C3D}.Release|x64.Build.0 = Release|Any CPU
		{A2CF5369-4665-49F6-B948-B44296002C3D}.Release|x86.ActiveCfg = Release|Any CPU
		{A2CF5369-4665-49F6-B948-B44296002C3D}.Release|x86.Build.0 = Release|Any CPU
		{A2CF5369-4665-49F6-B948-B44296002C3D}.Unicode Debug|Any CPU.ActiveCfg = Debug|Any CPU
		{A2CF5369-4665-49F6-B948-B44296002C3D}.Unicode Debug|Any CPU.Build.0 = Debug|Any CPU
		{A2CF5369-4665-49F6-B948-B44296002C3D}.Unicode Debug|x64.ActiveCfg = Debug|Any CPU
		{A2CF5369-4665-49F6-B948-B44296002C3D}.Unicode Debug|x64.Build.0 = Debug|Any CPU
		{A2CF5369-4665-49F6-B948-B44296002C3D}.Unicode Debug|x86.ActiveCfg = Debug|Any CPU
		{A2CF5369-4665-49F6-B948-B44296002C3D}.Unicode Debug|x86.Build.0 = Debug|Any CPU
		{A2CF5369-4665-49F6-B948-B44296002C3D}.Unicode Release|Any CPU.ActiveCfg = Release|Any CPU
		{A2CF5369-4665-49F6-B948-B44296002C3D}.Unicode Release|Any CPU.Build.0 = Release|Any CPU
		{A2CF5369-4665-49F6-B948-B44296002C3D}.Unicode Release|x64.ActiveCfg = Release|Any CPU
		{A2CF5369-4665-49F6-B948-B44296002C3D}.Unicode Release|x64.Build.0 = Release|Any CPU
		{A2CF5369-4665-49F6-B948-B44296002C3D}.Unicode Release|x86.ActiveCfg = Release|Any CPU
		{A2CF5369-4665-49F6-B948-B44296002C3D}.Unicode Release|x86.Build.0 = Release|Any CPU
		{0041073D-2FA7-4B35-B904-9C606C89C8CD}..NET Debug|Any CPU.ActiveCfg = Debug|Any CPU
		{0041073D-2FA7-4B35-B904-9C606C89C8CD}..NET Debug|Any CPU.Build.0 = Debug|Any CPU
		{0041073D-2FA7-4B35-B904-9C606C89C8CD}..NET Debug|x64.ActiveCfg = Debug|Any CPU
		{0041073D-2FA7-4B35-B904-9C606C89C8CD}..NET Debug|x64.Build.0 = Debug|Any CPU
		{0041073D-2FA7-4B35-B904-9C606C89C8CD}..NET Debug|x86.ActiveCfg = Debug|Any CPU
		{0041073D-2FA7-4B35-B904-9C606C89C8CD}..NET Debug|x86.Build.0 = Debug|Any CPU
		{0041073D-2FA7-4B35-B904-9C606C89C8CD}..NET Release|Any CPU.ActiveCfg = Release|Any CPU
		{0041073D-2FA7-4B35-B904-9C606C89C8CD}..NET Release|Any CPU.Build.0 = Release|Any CPU
		{0041073D-2FA7-4B35-B904-9C606C89C8CD}..NET Release|x64.ActiveCfg = Release|Any CPU
		{0041073D-2FA7-4B35-B904-9C606C89C8CD}..NET Release|x64.Build.0 = Release|Any CPU
		{0041073D-2FA7-4B35-B904-9C606C89C8CD}..NET Release|x86.ActiveCfg = Release|Any CPU
		{0041073D-2FA7-4B35-B904-9C606C89C8CD}..NET Release|x86.Build.0 = Release|Any CPU
		{0041073D-2FA7-4B35-B904-9C606C89C8CD}.Debug|Any CPU.ActiveCfg = Debug|Any CPU
		{0041073D-2FA7-4B35-B904-9C606C89C8CD}.Debug|x64.ActiveCfg = Debug|Any CPU
		{0041073D-2FA7-4B35-B904-9C606C89C8CD}.Debug|x64.Build.0 = Debug|Any CPU
		{0041073D-2FA7-4B35-B904-9C606C89C8CD}.Debug|x86.ActiveCfg = Debug|Any CPU
		{0041073D-2FA7-4B35-B904-9C606C89C8CD}.Debug|x86.Build.0 = Debug|Any CPU
		{0041073D-2FA7-4B35-B904-9C606C89C8CD}.MD Debug|Any CPU.ActiveCfg = Debug|Any CPU
		{0041073D-2FA7-4B35-B904-9C606C89C8CD}.MD Debug|Any CPU.Build.0 = Debug|Any CPU
		{0041073D-2FA7-4B35-B904-9C606C89C8CD}.MD Debug|x64.ActiveCfg = Debug|Any CPU
		{0041073D-2FA7-4B35-B904-9C606C89C8CD}.MD Debug|x64.Build.0 = Debug|Any CPU
		{0041073D-2FA7-4B35-B904-9C606C89C8CD}.MD Debug|x86.ActiveCfg = Debug|Any CPU
		{0041073D-2FA7-4B35-B904-9C606C89C8CD}.MD Debug|x86.Build.0 = Debug|Any CPU
		{0041073D-2FA7-4B35-B904-9C606C89C8CD}.MD Release|Any CPU.ActiveCfg = Release|Any CPU
		{0041073D-2FA7-4B35-B904-9C606C89C8CD}.MD Release|Any CPU.Build.0 = Release|Any CPU
		{0041073D-2FA7-4B35-B904-9C606C89C8CD}.MD Release|x64.ActiveCfg = Release|Any CPU
		{0041073D-2FA7-4B35-B904-9C606C89C8CD}.MD Release|x64.Build.0 = Release|Any CPU
		{0041073D-2FA7-4B35-B904-9C606C89C8CD}.MD Release|x86.ActiveCfg = Release|Any CPU
		{0041073D-2FA7-4B35-B904-9C606C89C8CD}.MD Release|x86.Build.0 = Release|Any CPU
		{0041073D-2FA7-4B35-B904-9C606C89C8CD}.Release|Any CPU.ActiveCfg = Release|Any CPU
		{0041073D-2FA7-4B35-B904-9C606C89C8CD}.Release|x64.ActiveCfg = Release|Any CPU
		{0041073D-2FA7-4B35-B904-9C606C89C8CD}.Release|x64.Build.0 = Release|Any CPU
		{0041073D-2FA7-4B35-B904-9C606C89C8CD}.Release|x86.ActiveCfg = Release|Any CPU
		{0041073D-2FA7-4B35-B904-9C606C89C8CD}.Release|x86.Build.0 = Release|Any CPU
		{0041073D-2FA7-4B35-B904-9C606C89C8CD}.Unicode Debug|Any CPU.ActiveCfg = Debug|Any CPU
		{0041073D-2FA7-4B35-B904-9C606C89C8CD}.Unicode Debug|Any CPU.Build.0 = Debug|Any CPU
		{0041073D-2FA7-4B35-B904-9C606C89C8CD}.Unicode Debug|x64.ActiveCfg = Debug|Any CPU
		{0041073D-2FA7-4B35-B904-9C606C89C8CD}.Unicode Debug|x64.Build.0 = Debug|Any CPU
		{0041073D-2FA7-4B35-B904-9C606C89C8CD}.Unicode Debug|x86.ActiveCfg = Debug|Any CPU
		{0041073D-2FA7-4B35-B904-9C606C89C8CD}.Unicode Debug|x86.Build.0 = Debug|Any CPU
		{0041073D-2FA7-4B35-B904-9C606C89C8CD}.Unicode Release|Any CPU.ActiveCfg = Release|Any CPU
		{0041073D-2FA7-4B35-B904-9C606C89C8CD}.Unicode Release|Any CPU.Build.0 = Release|Any CPU
		{0041073D-2FA7-4B35-B904-9C606C89C8CD}.Unicode Release|x64.ActiveCfg = Release|Any CPU
		{0041073D-2FA7-4B35-B904-9C606C89C8CD}.Unicode Release|x64.Build.0 = Release|Any CPU
		{0041073D-2FA7-4B35-B904-9C606C89C8CD}.Unicode Release|x86.ActiveCfg = Release|Any CPU
		{0041073D-2FA7-4B35-B904-9C606C89C8CD}.Unicode Release|x86.Build.0 = Release|Any CPU
		{33B8F5CA-34A7-4826-BAD9-7CEC63DF4D0C}..NET Debug|Any CPU.ActiveCfg = Debug|Any CPU
		{33B8F5CA-34A7-4826-BAD9-7CEC63DF4D0C}..NET Debug|Any CPU.Build.0 = Debug|Any CPU
		{33B8F5CA-34A7-4826-BAD9-7CEC63DF4D0C}..NET Debug|x64.ActiveCfg = Debug|Any CPU
		{33B8F5CA-34A7-4826-BAD9-7CEC63DF4D0C}..NET Debug|x64.Build.0 = Debug|Any CPU
		{33B8F5CA-34A7-4826-BAD9-7CEC63DF4D0C}..NET Debug|x86.ActiveCfg = Debug|Any CPU
		{33B8F5CA-34A7-4826-BAD9-7CEC63DF4D0C}..NET Debug|x86.Build.0 = Debug|Any CPU
		{33B8F5CA-34A7-4826-BAD9-7CEC63DF4D0C}..NET Release|Any CPU.ActiveCfg = Release|Any CPU
		{33B8F5CA-34A7-4826-BAD9-7CEC63DF4D0C}..NET Release|Any CPU.Build.0 = Release|Any CPU
		{33B8F5CA-34A7-4826-BAD9-7CEC63DF4D0C}..NET Release|x64.ActiveCfg = Release|Any CPU
		{33B8F5CA-34A7-4826-BAD9-7CEC63DF4D0C}..NET Release|x64.Build.0 = Release|Any CPU
		{33B8F5CA-34A7-4826-BAD9-7CEC63DF4D0C}..NET Release|x86.ActiveCfg = Release|Any CPU
		{33B8F5CA-34A7-4826-BAD9-7CEC63DF4D0C}..NET Release|x86.Build.0 = Release|Any CPU
		{33B8F5CA-34A7-4826-BAD9-7CEC63DF4D0C}.Debug|Any CPU.ActiveCfg = Debug|Any CPU
		{33B8F5CA-34A7-4826-BAD9-7CEC63DF4D0C}.Debug|x64.ActiveCfg = Debug|Any CPU
		{33B8F5CA-34A7-4826-BAD9-7CEC63DF4D0C}.Debug|x64.Build.0 = Debug|Any CPU
		{33B8F5CA-34A7-4826-BAD9-7CEC63DF4D0C}.Debug|x86.ActiveCfg = Debug|Any CPU
		{33B8F5CA-34A7-4826-BAD9-7CEC63DF4D0C}.Debug|x86.Build.0 = Debug|Any CPU
		{33B8F5CA-34A7-4826-BAD9-7CEC63DF4D0C}.MD Debug|Any CPU.ActiveCfg = Debug|Any CPU
		{33B8F5CA-34A7-4826-BAD9-7CEC63DF4D0C}.MD Debug|Any CPU.Build.0 = Debug|Any CPU
		{33B8F5CA-34A7-4826-BAD9-7CEC63DF4D0C}.MD Debug|x64.ActiveCfg = Debug|Any CPU
		{33B8F5CA-34A7-4826-BAD9-7CEC63DF4D0C}.MD Debug|x64.Build.0 = Debug|Any CPU
		{33B8F5CA-34A7-4826-BAD9-7CEC63DF4D0C}.MD Debug|x86.ActiveCfg = Debug|Any CPU
		{33B8F5CA-34A7-4826-BAD9-7CEC63DF4D0C}.MD Debug|x86.Build.0 = Debug|Any CPU
		{33B8F5CA-34A7-4826-BAD9-7CEC63DF4D0C}.MD Release|Any CPU.ActiveCfg = Release|Any CPU
		{33B8F5CA-34A7-4826-BAD9-7CEC63DF4D0C}.MD Release|Any CPU.Build.0 = Release|Any CPU
		{33B8F5CA-34A7-4826-BAD9-7CEC63DF4D0C}.MD Release|x64.ActiveCfg = Release|Any CPU
		{33B8F5CA-34A7-4826-BAD9-7CEC63DF4D0C}.MD Release|x64.Build.0 = Release|Any CPU
		{33B8F5CA-34A7-4826-BAD9-7CEC63DF4D0C}.MD Release|x86.ActiveCfg = Release|Any CPU
		{33B8F5CA-34A7-4826-BAD9-7CEC63DF4D0C}.MD Release|x86.Build.0 = Release|Any CPU
		{33B8F5CA-34A7-4826-BAD9-7CEC63DF4D0C}.Release|Any CPU.ActiveCfg = Release|Any CPU
		{33B8F5CA-34A7-4826-BAD9-7CEC63DF4D0C}.Release|x64.ActiveCfg = Release|Any CPU
		{33B8F5CA-34A7-4826-BAD9-7CEC63DF4D0C}.Release|x64.Build.0 = Release|Any CPU
		{33B8F5CA-34A7-4826-BAD9-7CEC63DF4D0C}.Release|x86.ActiveCfg = Release|Any CPU
		{33B8F5CA-34A7-4826-BAD9-7CEC63DF4D0C}.Release|x86.Build.0 = Release|Any CPU
		{33B8F5CA-34A7-4826-BAD9-7CEC63DF4D0C}.Unicode Debug|Any CPU.ActiveCfg = Debug|Any CPU
		{33B8F5CA-34A7-4826-BAD9-7CEC63DF4D0C}.Unicode Debug|Any CPU.Build.0 = Debug|Any CPU
		{33B8F5CA-34A7-4826-BAD9-7CEC63DF4D0C}.Unicode Debug|x64.ActiveCfg = Debug|Any CPU
		{33B8F5CA-34A7-4826-BAD9-7CEC63DF4D0C}.Unicode Debug|x64.Build.0 = Debug|Any CPU
		{33B8F5CA-34A7-4826-BAD9-7CEC63DF4D0C}.Unicode Debug|x86.ActiveCfg = Debug|Any CPU
		{33B8F5CA-34A7-4826-BAD9-7CEC63DF4D0C}.Unicode Debug|x86.Build.0 = Debug|Any CPU
		{33B8F5CA-34A7-4826-BAD9-7CEC63DF4D0C}.Unicode Release|Any CPU.ActiveCfg = Release|Any CPU
		{33B8F5CA-34A7-4826-BAD9-7CEC63DF4D0C}.Unicode Release|Any CPU.Build.0 = Release|Any CPU
		{33B8F5CA-34A7-4826-BAD9-7CEC63DF4D0C}.Unicode Release|x64.ActiveCfg = Release|Any CPU
		{33B8F5CA-34A7-4826-BAD9-7CEC63DF4D0C}.Unicode Release|x64.Build.0 = Release|Any CPU
		{33B8F5CA-34A7-4826-BAD9-7CEC63DF4D0C}.Unicode Release|x86.ActiveCfg = Release|Any CPU
		{33B8F5CA-34A7-4826-BAD9-7CEC63DF4D0C}.Unicode Release|x86.Build.0 = Release|Any CPU
		{A0011409-0A25-4E95-BF6D-EE7CB9C287DA}..NET Debug|Any CPU.ActiveCfg = Debug|Any CPU
		{A0011409-0A25-4E95-BF6D-EE7CB9C287DA}..NET Debug|Any CPU.Build.0 = Debug|Any CPU
		{A0011409-0A25-4E95-BF6D-EE7CB9C287DA}..NET Debug|x64.ActiveCfg = Debug|Any CPU
		{A0011409-0A25-4E95-BF6D-EE7CB9C287DA}..NET Debug|x64.Build.0 = Debug|Any CPU
		{A0011409-0A25-4E95-BF6D-EE7CB9C287DA}..NET Debug|x86.ActiveCfg = Debug|Any CPU
		{A0011409-0A25-4E95-BF6D-EE7CB9C287DA}..NET Debug|x86.Build.0 = Debug|Any CPU
		{A0011409-0A25-4E95-BF6D-EE7CB9C287DA}..NET Release|Any CPU.ActiveCfg = Release|Any CPU
		{A0011409-0A25-4E95-BF6D-EE7CB9C287DA}..NET Release|Any CPU.Build.0 = Release|Any CPU
		{A0011409-0A25-4E95-BF6D-EE7CB9C287DA}..NET Release|x64.ActiveCfg = Release|Any CPU
		{A0011409-0A25-4E95-BF6D-EE7CB9C287DA}..NET Release|x64.Build.0 = Release|Any CPU
		{A0011409-0A25-4E95-BF6D-EE7CB9C287DA}..NET Release|x86.ActiveCfg = Release|Any CPU
		{A0011409-0A25-4E95-BF6D-EE7CB9C287DA}..NET Release|x86.Build.0 = Release|Any CPU
		{A0011409-0A25-4E95-BF6D-EE7CB9C287DA}.Debug|Any CPU.ActiveCfg = Debug|Any CPU
		{A0011409-0A25-4E95-BF6D-EE7CB9C287DA}.Debug|x64.ActiveCfg = Debug|Any CPU
		{A0011409-0A25-4E95-BF6D-EE7CB9C287DA}.Debug|x64.Build.0 = Debug|Any CPU
		{A0011409-0A25-4E95-BF6D-EE7CB9C287DA}.Debug|x86.ActiveCfg = Debug|Any CPU
		{A0011409-0A25-4E95-BF6D-EE7CB9C287DA}.Debug|x86.Build.0 = Debug|Any CPU
		{A0011409-0A25-4E95-BF6D-EE7CB9C287DA}.MD Debug|Any CPU.ActiveCfg = Debug|Any CPU
		{A0011409-0A25-4E95-BF6D-EE7CB9C287DA}.MD Debug|Any CPU.Build.0 = Debug|Any CPU
		{A0011409-0A25-4E95-BF6D-EE7CB9C287DA}.MD Debug|x64.ActiveCfg = Debug|Any CPU
		{A0011409-0A25-4E95-BF6D-EE7CB9C287DA}.MD Debug|x64.Build.0 = Debug|Any CPU
		{A0011409-0A25-4E95-BF6D-EE7CB9C287DA}.MD Debug|x86.ActiveCfg = Debug|Any CPU
		{A0011409-0A25-4E95-BF6D-EE7CB9C287DA}.MD Debug|x86.Build.0 = Debug|Any CPU
		{A0011409-0A25-4E95-BF6D-EE7CB9C287DA}.MD Release|Any CPU.ActiveCfg = Release|Any CPU
		{A0011409-0A25-4E95-BF6D-EE7CB9C287DA}.MD Release|Any CPU.Build.0 = Release|Any CPU
		{A0011409-0A25-4E95-BF6D-EE7CB9C287DA}.MD Release|x64.ActiveCfg = Release|Any CPU
		{A0011409-0A25-4E95-BF6D-EE7CB9C287DA}.MD Release|x64.Build.0 = Release|Any CPU
		{A0011409-0A25-4E95-BF6D-EE7CB9C287DA}.MD Release|x86.ActiveCfg = Release|Any CPU
		{A0011409-0A25-4E95-BF6D-EE7CB9C287DA}.MD Release|x86.Build.0 = Release|Any CPU
		{A0011409-0A25-4E95-BF6D-EE7CB9C287DA}.Release|Any CPU.ActiveCfg = Release|Any CPU
		{A0011409-0A25-4E95-BF6D-EE7CB9C287DA}.Release|x64.ActiveCfg = Release|Any CPU
		{A0011409-0A25-4E95-BF6D-EE7CB9C287DA}.Release|x64.Build.0 = Release|Any CPU
		{A0011409-0A25-4E95-BF6D-EE7CB9C287DA}.Release|x86.ActiveCfg = Release|Any CPU
		{A0011409-0A25-4E95-BF6D-EE7CB9C287DA}.Release|x86.Build.0 = Release|Any CPU
		{A0011409-0A25-4E95-BF6D-EE7CB9C287DA}.Unicode Debug|Any CPU.ActiveCfg = Debug|Any CPU
		{A0011409-0A25-4E95-BF6D-EE7CB9C287DA}.Unicode Debug|Any CPU.Build.0 = Debug|Any CPU
		{A0011409-0A25-4E95-BF6D-EE7CB9C287DA}.Unicode Debug|x64.ActiveCfg = Debug|Any CPU
		{A0011409-0A25-4E95-BF6D-EE7CB9C287DA}.Unicode Debug|x64.Build.0 = Debug|Any CPU
		{A0011409-0A25-4E95-BF6D-EE7CB9C287DA}.Unicode Debug|x86.ActiveCfg = Debug|Any CPU
		{A0011409-0A25-4E95-BF6D-EE7CB9C287DA}.Unicode Debug|x86.Build.0 = Debug|Any CPU
		{A0011409-0A25-4E95-BF6D-EE7CB9C287DA}.Unicode Release|Any CPU.ActiveCfg = Release|Any CPU
		{A0011409-0A25-4E95-BF6D-EE7CB9C287DA}.Unicode Release|Any CPU.Build.0 = Release|Any CPU
		{A0011409-0A25-4E95-BF6D-EE7CB9C287DA}.Unicode Release|x64.ActiveCfg = Release|Any CPU
		{A0011409-0A25-4E95-BF6D-EE7CB9C287DA}.Unicode Release|x64.Build.0 = Release|Any CPU
		{A0011409-0A25-4E95-BF6D-EE7CB9C287DA}.Unicode Release|x86.ActiveCfg = Release|Any CPU
		{A0011409-0A25-4E95-BF6D-EE7CB9C287DA}.Unicode Release|x86.Build.0 = Release|Any CPU
		{B5919129-6716-499D-9516-04EC34C86CDF}..NET Debug|Any CPU.ActiveCfg = Release|x64
		{B5919129-6716-499D-9516-04EC34C86CDF}..NET Debug|Any CPU.Build.0 = Release|x64
		{B5919129-6716-499D-9516-04EC34C86CDF}..NET Debug|x64.ActiveCfg = Debug|x64
		{B5919129-6716-499D-9516-04EC34C86CDF}..NET Debug|x64.Build.0 = Debug|x64
		{B5919129-6716-499D-9516-04EC34C86CDF}..NET Debug|x86.ActiveCfg = Debug|Win32
		{B5919129-6716-499D-9516-04EC34C86CDF}..NET Debug|x86.Build.0 = Debug|Win32
		{B5919129-6716-499D-9516-04EC34C86CDF}..NET Release|Any CPU.ActiveCfg = Release|x64
		{B5919129-6716-499D-9516-04EC34C86CDF}..NET Release|Any CPU.Build.0 = Release|x64
		{B5919129-6716-499D-9516-04EC34C86CDF}..NET Release|x64.ActiveCfg = Release|x64
		{B5919129-6716-499D-9516-04EC34C86CDF}..NET Release|x64.Build.0 = Release|x64
		{B5919129-6716-499D-9516-04EC34C86CDF}..NET Release|x86.ActiveCfg = Release|Win32
		{B5919129-6716-499D-9516-04EC34C86CDF}..NET Release|x86.Build.0 = Release|Win32
		{B5919129-6716-499D-9516-04EC34C86CDF}.Debug|Any CPU.ActiveCfg = MD Debug|Win32
		{B5919129-6716-499D-9516-04EC34C86CDF}.Debug|Any CPU.Build.0 = MD Debug|Win32
		{B5919129-6716-499D-9516-04EC34C86CDF}.Debug|x64.ActiveCfg = Debug|x64
		{B5919129-6716-499D-9516-04EC34C86CDF}.Debug|x64.Build.0 = Debug|x64
		{B5919129-6716-499D-9516-04EC34C86CDF}.Debug|x86.ActiveCfg = Debug|Win32
		{B5919129-6716-499D-9516-04EC34C86CDF}.Debug|x86.Build.0 = Debug|Win32
		{B5919129-6716-499D-9516-04EC34C86CDF}.MD Debug|Any CPU.ActiveCfg = MD Debug|Win32
		{B5919129-6716-499D-9516-04EC34C86CDF}.MD Debug|x64.ActiveCfg = MD Debug|x64
		{B5919129-6716-499D-9516-04EC34C86CDF}.MD Debug|x64.Build.0 = MD Debug|x64
		{B5919129-6716-499D-9516-04EC34C86CDF}.MD Debug|x86.ActiveCfg = MD Debug|Win32
		{B5919129-6716-499D-9516-04EC34C86CDF}.MD Debug|x86.Build.0 = MD Debug|Win32
		{B5919129-6716-499D-9516-04EC34C86CDF}.MD Release|Any CPU.ActiveCfg = MD Release|Win32
		{B5919129-6716-499D-9516-04EC34C86CDF}.MD Release|x64.ActiveCfg = MD Release|x64
		{B5919129-6716-499D-9516-04EC34C86CDF}.MD Release|x64.Build.0 = MD Release|x64
		{B5919129-6716-499D-9516-04EC34C86CDF}.MD Release|x86.ActiveCfg = MD Release|Win32
		{B5919129-6716-499D-9516-04EC34C86CDF}.MD Release|x86.Build.0 = MD Release|Win32
		{B5919129-6716-499D-9516-04EC34C86CDF}.Release|Any CPU.ActiveCfg = MD Release|Win32
		{B5919129-6716-499D-9516-04EC34C86CDF}.Release|Any CPU.Build.0 = MD Release|Win32
		{B5919129-6716-499D-9516-04EC34C86CDF}.Release|x64.ActiveCfg = Release|x64
		{B5919129-6716-499D-9516-04EC34C86CDF}.Release|x64.Build.0 = Release|x64
		{B5919129-6716-499D-9516-04EC34C86CDF}.Release|x86.ActiveCfg = Release|Win32
		{B5919129-6716-499D-9516-04EC34C86CDF}.Release|x86.Build.0 = Release|Win32
		{B5919129-6716-499D-9516-04EC34C86CDF}.Unicode Debug|Any CPU.ActiveCfg = Release|x64
		{B5919129-6716-499D-9516-04EC34C86CDF}.Unicode Debug|Any CPU.Build.0 = Release|x64
		{B5919129-6716-499D-9516-04EC34C86CDF}.Unicode Debug|x64.ActiveCfg = Debug|x64
		{B5919129-6716-499D-9516-04EC34C86CDF}.Unicode Debug|x64.Build.0 = Debug|x64
		{B5919129-6716-499D-9516-04EC34C86CDF}.Unicode Debug|x86.ActiveCfg = Debug|Win32
		{B5919129-6716-499D-9516-04EC34C86CDF}.Unicode Debug|x86.Build.0 = Debug|Win32
		{B5919129-6716-499D-9516-04EC34C86CDF}.Unicode Release|Any CPU.ActiveCfg = Release|x64
		{B5919129-6716-499D-9516-04EC34C86CDF}.Unicode Release|Any CPU.Build.0 = Release|x64
		{B5919129-6716-499D-9516-04EC34C86CDF}.Unicode Release|x64.ActiveCfg = Release|x64
		{B5919129-6716-499D-9516-04EC34C86CDF}.Unicode Release|x64.Build.0 = Release|x64
		{B5919129-6716-499D-9516-04EC34C86CDF}.Unicode Release|x86.ActiveCfg = Release|Win32
		{B5919129-6716-499D-9516-04EC34C86CDF}.Unicode Release|x86.Build.0 = Release|Win32
		{E8CF1ADA-264A-4127-86C2-FD7057D3792C}..NET Debug|Any CPU.ActiveCfg = .NET Debug|Win32
		{E8CF1ADA-264A-4127-86C2-FD7057D3792C}..NET Debug|x64.ActiveCfg = .NET Debug|x64
		{E8CF1ADA-264A-4127-86C2-FD7057D3792C}..NET Debug|x64.Build.0 = .NET Debug|x64
		{E8CF1ADA-264A-4127-86C2-FD7057D3792C}..NET Debug|x86.ActiveCfg = .NET Debug|Win32
		{E8CF1ADA-264A-4127-86C2-FD7057D3792C}..NET Debug|x86.Build.0 = .NET Debug|Win32
		{E8CF1ADA-264A-4127-86C2-FD7057D3792C}..NET Release|Any CPU.ActiveCfg = .NET Release|Win32
		{E8CF1ADA-264A-4127-86C2-FD7057D3792C}..NET Release|x64.ActiveCfg = .NET Release|x64
		{E8CF1ADA-264A-4127-86C2-FD7057D3792C}..NET Release|x64.Build.0 = .NET Release|x64
		{E8CF1ADA-264A-4127-86C2-FD7057D3792C}..NET Release|x86.ActiveCfg = .NET Release|Win32
		{E8CF1ADA-264A-4127-86C2-FD7057D3792C}..NET Release|x86.Build.0 = .NET Release|Win32
		{E8CF1ADA-264A-4127-86C2-FD7057D3792C}.Debug|Any CPU.ActiveCfg = .NET Debug|Win32
		{E8CF1ADA-264A-4127-86C2-FD7057D3792C}.Debug|Any CPU.Build.0 = .NET Debug|Win32
		{E8CF1ADA-264A-4127-86C2-FD7057D3792C}.Debug|x64.ActiveCfg = Debug|x64
		{E8CF1ADA-264A-4127-86C2-FD7057D3792C}.Debug|x64.Build.0 = Debug|x64
		{E8CF1ADA-264A-4127-86C2-FD7057D3792C}.Debug|x86.ActiveCfg = Debug|Win32
		{E8CF1ADA-264A-4127-86C2-FD7057D3792C}.Debug|x86.Build.0 = Debug|Win32
		{E8CF1ADA-264A-4127-86C2-FD7057D3792C}.MD Debug|Any CPU.ActiveCfg = Unicode Release|x64
		{E8CF1ADA-264A-4127-86C2-FD7057D3792C}.MD Debug|Any CPU.Build.0 = Unicode Release|x64
		{E8CF1ADA-264A-4127-86C2-FD7057D3792C}.MD Debug|x64.ActiveCfg = Debug|x64
		{E8CF1ADA-264A-4127-86C2-FD7057D3792C}.MD Debug|x64.Build.0 = Debug|x64
		{E8CF1ADA-264A-4127-86C2-FD7057D3792C}.MD Debug|x86.ActiveCfg = Debug|Win32
		{E8CF1ADA-264A-4127-86C2-FD7057D3792C}.MD Debug|x86.Build.0 = Debug|Win32
		{E8CF1ADA-264A-4127-86C2-FD7057D3792C}.MD Release|Any CPU.ActiveCfg = Unicode Release|x64
		{E8CF1ADA-264A-4127-86C2-FD7057D3792C}.MD Release|Any CPU.Build.0 = Unicode Release|x64
		{E8CF1ADA-264A-4127-86C2-FD7057D3792C}.MD Release|x64.ActiveCfg = Release|x64
		{E8CF1ADA-264A-4127-86C2-FD7057D3792C}.MD Release|x64.Build.0 = Release|x64
		{E8CF1ADA-264A-4127-86C2-FD7057D3792C}.MD Release|x86.ActiveCfg = Release|Win32
		{E8CF1ADA-264A-4127-86C2-FD7057D3792C}.MD Release|x86.Build.0 = Release|Win32
		{E8CF1ADA-264A-4127-86C2-FD7057D3792C}.Release|Any CPU.ActiveCfg = .NET Release|Win32
		{E8CF1ADA-264A-4127-86C2-FD7057D3792C}.Release|Any CPU.Build.0 = .NET Release|Win32
		{E8CF1ADA-264A-4127-86C2-FD7057D3792C}.Release|x64.ActiveCfg = Release|x64
		{E8CF1ADA-264A-4127-86C2-FD7057D3792C}.Release|x64.Build.0 = Release|x64
		{E8CF1ADA-264A-4127-86C2-FD7057D3792C}.Release|x86.ActiveCfg = Release|Win32
		{E8CF1ADA-264A-4127-86C2-FD7057D3792C}.Release|x86.Build.0 = Release|Win32
		{E8CF1ADA-264A-4127-86C2-FD7057D3792C}.Unicode Debug|Any CPU.ActiveCfg = Unicode Debug|Win32
		{E8CF1ADA-264A-4127-86C2-FD7057D3792C}.Unicode Debug|x64.ActiveCfg = Unicode Debug|x64
		{E8CF1ADA-264A-4127-86C2-FD7057D3792C}.Unicode Debug|x64.Build.0 = Unicode Debug|x64
		{E8CF1ADA-264A-4127-86C2-FD7057D3792C}.Unicode Debug|x86.ActiveCfg = Unicode Debug|Win32
		{E8CF1ADA-264A-4127-86C2-FD7057D3792C}.Unicode Debug|x86.Build.0 = Unicode Debug|Win32
		{E8CF1ADA-264A-4127-86C2-FD7057D3792C}.Unicode Release|Any CPU.ActiveCfg = Unicode Release|Win32
		{E8CF1ADA-264A-4127-86C2-FD7057D3792C}.Unicode Release|x64.ActiveCfg = Unicode Release|x64
		{E8CF1ADA-264A-4127-86C2-FD7057D3792C}.Unicode Release|x64.Build.0 = Unicode Release|x64
		{E8CF1ADA-264A-4127-86C2-FD7057D3792C}.Unicode Release|x86.ActiveCfg = Unicode Release|Win32
		{E8CF1ADA-264A-4127-86C2-FD7057D3792C}.Unicode Release|x86.Build.0 = Unicode Release|Win32
	EndGlobalSection
	GlobalSection(SolutionProperties) = preSolution
		HideSolutionNode = FALSE
	EndGlobalSection
	GlobalSection(NestedProjects) = preSolution
		{C4DEF32B-8FBB-41B6-80DC-C60339402323} = {0EDD6245-5512-45E5-BC4E-8B02CE5BAEC2}
		{E218923D-59A4-4FA5-B4BC-E540290DA3F8} = {0EDD6245-5512-45E5-BC4E-8B02CE5BAEC2}
		{A2CF5369-4665-49F6-B948-B44296002C3D} = {0EDD6245-5512-45E5-BC4E-8B02CE5BAEC2}
		{0041073D-2FA7-4B35-B904-9C606C89C8CD} = {0EDD6245-5512-45E5-BC4E-8B02CE5BAEC2}
		{33B8F5CA-34A7-4826-BAD9-7CEC63DF4D0C} = {0EDD6245-5512-45E5-BC4E-8B02CE5BAEC2}
		{A0011409-0A25-4E95-BF6D-EE7CB9C287DA} = {0EDD6245-5512-45E5-BC4E-8B02CE5BAEC2}
		{B5919129-6716-499D-9516-04EC34C86CDF} = {4AC797E7-3B63-41C7-8380-CBE56B9BC4E5}
		{E8CF1ADA-264A-4127-86C2-FD7057D3792C} = {4AC797E7-3B63-41C7-8380-CBE56B9BC4E5}
	EndGlobalSection
EndGlobal
