
Microsoft Visual Studio Solution File, Format Version 12.00
# Visual Studio 14
VisualStudioVersion = 14.0.23107.0
MinimumVisualStudioVersion = 10.0.40219.1
Project("{FAE04EC0-301F-11D3-BF4B-00C04F79EFBC}") = "AdvancedLauncher", "AdvancedLauncher\AdvancedLauncher.csproj", "{91A457B6-E472-4D26-8666-BBCCF930707E}"
EndProject
Project("{FAE04EC0-301F-11D3-BF4B-00C04F79EFBC}") = "AdvancedLauncher.Providers", "AdvancedLauncherProviders\AdvancedLauncher.Providers.csproj", "{283FCE16-15FC-4DD2-BA55-0C8E622E1D2F}"
EndProject
Project("{FAE04EC0-301F-11D3-BF4B-00C04F79EFBC}") = "KBLCService", "KBLCService\KBLCService.csproj", "{32C4C0E7-D91B-43C8-8A05-AD62E7D20F7D}"
EndProject
Project("{FAE04EC0-301F-11D3-BF4B-00C04F79EFBC}") = "AdvancedLauncher.SDK", "AdvancedLauncherSDK\AdvancedLauncher.SDK.csproj", "{D1E7D106-9909-4162-9D22-8798317915AF}"
EndProject
Global
	GlobalSection(SolutionConfigurationPlatforms) = preSolution
		Debug|Any CPU = Debug|Any CPU
		Release|Any CPU = Release|Any CPU
	EndGlobalSection
	GlobalSection(ProjectConfigurationPlatforms) = postSolution
		{91A457B6-E472-4D26-8666-BBCCF930707E}.Debug|Any CPU.ActiveCfg = Debug|Any CPU
		{91A457B6-E472-4D26-8666-BBCCF930707E}.Debug|Any CPU.Build.0 = Debug|Any CPU
		{91A457B6-E472-4D26-8666-BBCCF930707E}.Release|Any CPU.ActiveCfg = Release|Any CPU
		{91A457B6-E472-4D26-8666-BBCCF930707E}.Release|Any CPU.Build.0 = Release|Any CPU
		{283FCE16-15FC-4DD2-BA55-0C8E622E1D2F}.Debug|Any CPU.ActiveCfg = Debug|Any CPU
		{283FCE16-15FC-4DD2-BA55-0C8E622E1D2F}.Debug|Any CPU.Build.0 = Debug|Any CPU
		{283FCE16-15FC-4DD2-BA55-0C8E622E1D2F}.Release|Any CPU.ActiveCfg = Release|Any CPU
		{283FCE16-15FC-4DD2-BA55-0C8E622E1D2F}.Release|Any CPU.Build.0 = Release|Any CPU
		{32C4C0E7-D91B-43C8-8A05-AD62E7D20F7D}.Debug|Any CPU.ActiveCfg = Debug|Any CPU
		{32C4C0E7-D91B-43C8-8A05-AD62E7D20F7D}.Debug|Any CPU.Build.0 = Debug|Any CPU
		{32C4C0E7-D91B-43C8-8A05-AD62E7D20F7D}.Release|Any CPU.ActiveCfg = Release|Any CPU
		{32C4C0E7-D91B-43C8-8A05-AD62E7D20F7D}.Release|Any CPU.Build.0 = Release|Any CPU
		{D1E7D106-9909-4162-9D22-8798317915AF}.Debug|Any CPU.ActiveCfg = Debug|Any CPU
		{D1E7D106-9909-4162-9D22-8798317915AF}.Debug|Any CPU.Build.0 = Debug|Any CPU
		{D1E7D106-9909-4162-9D22-8798317915AF}.Release|Any CPU.ActiveCfg = Release|Any CPU
		{D1E7D106-9909-4162-9D22-8798317915AF}.Release|Any CPU.Build.0 = Release|Any CPU
	EndGlobalSection
	GlobalSection(SolutionProperties) = preSolution
		HideSolutionNode = FALSE
	EndGlobalSection
EndGlobal
