
Microsoft Visual Studio Solution File, Format Version 12.00
# Visual Studio 14
VisualStudioVersion = 14.0.23107.0
MinimumVisualStudioVersion = 10.0.40219.1
Project("{FAE04EC0-301F-11D3-BF4B-00C04F79EFBC}") = "AdvancedLauncher", "AdvancedLauncher\AdvancedLauncher.csproj", "{91A457B6-E472-4D26-8666-BBCCF930707E}"
	ProjectSection(ProjectDependencies) = postProject
		{A0011409-0A25-4E95-BF6D-EE7CB9C287DA} = {A0011409-0A25-4E95-BF6D-EE7CB9C287DA}
		{C4DEF32B-8FBB-41B6-80DC-C60339402323} = {C4DEF32B-8FBB-41B6-80DC-C60339402323}
		{0041073D-2FA7-4B35-B904-9C606C89C8CD} = {0041073D-2FA7-4B35-B904-9C606C89C8CD}
		{E218923D-59A4-4FA5-B4BC-E540290DA3F8} = {E218923D-59A4-4FA5-B4BC-E540290DA3F8}
		{A2CF5369-4665-49F6-B948-B44296002C3D} = {A2CF5369-4665-49F6-B948-B44296002C3D}
		{33B8F5CA-34A7-4826-BAD9-7CEC63DF4D0C} = {33B8F5CA-34A7-4826-BAD9-7CEC63DF4D0C}
		{E8CF1ADA-264A-4127-86C2-FD7057D3792C} = {E8CF1ADA-264A-4127-86C2-FD7057D3792C}
		{47B7AFF9-B1E6-418F-ACD4-1541E7CDF570} = {47B7AFF9-B1E6-418F-ACD4-1541E7CDF570}
	EndProjectSection
EndProject
Project("{FAE04EC0-301F-11D3-BF4B-00C04F79EFBC}") = "KBLCService", "KBLCService\KBLCService.csproj", "{32C4C0E7-D91B-43C8-8A05-AD62E7D20F7D}"
EndProject
Project("{FAE04EC0-301F-11D3-BF4B-00C04F79EFBC}") = "AdvancedLauncher.SDK", "AdvancedLauncherSDK\AdvancedLauncher.SDK.csproj", "{D1E7D106-9909-4162-9D22-8798317915AF}"
EndProject
Project("{FAE04EC0-301F-11D3-BF4B-00C04F79EFBC}") = "PluginSample", "PluginSample\PluginSample.csproj", "{47B7AFF9-B1E6-418F-ACD4-1541E7CDF570}"
EndProject
Project("{FAE04EC0-301F-11D3-BF4B-00C04F79EFBC}") = "Microsoft.DwayneNeed.Minimal", "Microsoft.DwayneNeed.Minimal\Microsoft.DwayneNeed.Minimal.csproj", "{80A10B86-6615-4440-93B0-C943DF5B8693}"
EndProject
Project("{2150E333-8FDC-42A3-9474-1A3956D46DE8}") = "Locale-Emulator", "Locale-Emulator", "{0EDD6245-5512-45E5-BC4E-8B02CE5BAEC2}"
EndProject
Project("{FAE04EC0-301F-11D3-BF4B-00C04F79EFBC}") = "LECommonLibrary", "packages\Locale-Emulator\LECommonLibrary\LECommonLibrary.csproj", "{C4DEF32B-8FBB-41B6-80DC-C60339402323}"
EndProject
Project("{FAE04EC0-301F-11D3-BF4B-00C04F79EFBC}") = "LEInstaller", "packages\Locale-Emulator\LEInstaller\LEInstaller.csproj", "{E218923D-59A4-4FA5-B4BC-E540290DA3F8}"
	ProjectSection(ProjectDependencies) = postProject
		{C4DEF32B-8FBB-41B6-80DC-C60339402323} = {C4DEF32B-8FBB-41B6-80DC-C60339402323}
	EndProjectSection
EndProject
Project("{FAE04EC0-301F-11D3-BF4B-00C04F79EFBC}") = "LEProc", "packages\Locale-Emulator\LEProc\LEProc.csproj", "{A2CF5369-4665-49F6-B948-B44296002C3D}"
EndProject
Project("{FAE04EC0-301F-11D3-BF4B-00C04F79EFBC}") = "LEContextMenuHandler", "packages\Locale-Emulator\LEContextMenuHandler\LEContextMenuHandler.csproj", "{0041073D-2FA7-4B35-B904-9C606C89C8CD}"
EndProject
Project("{FAE04EC0-301F-11D3-BF4B-00C04F79EFBC}") = "LEGUI", "packages\Locale-Emulator\LEGUI\LEGUI.csproj", "{33B8F5CA-34A7-4826-BAD9-7CEC63DF4D0C}"
EndProject
Project("{FAE04EC0-301F-11D3-BF4B-00C04F79EFBC}") = "LEUpdater", "packages\Locale-Emulator\LEUpdater\LEUpdater.csproj", "{A0011409-0A25-4E95-BF6D-EE7CB9C287DA}"
EndProject
Project("{2150E333-8FDC-42A3-9474-1A3956D46DE8}") = "BugTrap", "BugTrap", "{4AC797E7-3B63-41C7-8380-CBE56B9BC4E5}"
EndProject
Project("{8BC9CEB8-8B4A-11D0-8D11-00A0C91BC942}") = "zlib", "packages\BugTrap\source\zlib\zlib.vs2015.vcxproj", "{B5919129-6716-499D-9516-04EC34C86CDF}"
EndProject
Project("{8BC9CEB8-8B4A-11D0-8D11-00A0C91BC942}") = "BugTrap", "packages\BugTrap\source\Client\BugTrap.vs2015.vcxproj", "{E8CF1ADA-264A-4127-86C2-FD7057D3792C}"
	ProjectSection(ProjectDependencies) = postProject
		{B5919129-6716-499D-9516-04EC34C86CDF} = {B5919129-6716-499D-9516-04EC34C86CDF}
	EndProjectSection
EndProject
Global
	GlobalSection(SolutionConfigurationPlatforms) = preSolution
		Debug|Any CPU = Debug|Any CPU
		Release|Any CPU = Release|Any CPU
	EndGlobalSection
	GlobalSection(ProjectConfigurationPlatforms) = postSolution
		{91A457B6-E472-4D26-8666-BBCCF930707E}.Debug|Any CPU.ActiveCfg = Debug|Any CPU
		{91A457B6-E472-4D26-8666-BBCCF930707E}.Debug|Any CPU.Build.0 = Debug|Any CPU
		{91A457B6-E472-4D26-8666-BBCCF930707E}.Release|Any CPU.ActiveCfg = Release|Any CPU
		{91A457B6-E472-4D26-8666-BBCCF930707E}.Release|Any CPU.Build.0 = Release|Any CPU
		{32C4C0E7-D91B-43C8-8A05-AD62E7D20F7D}.Debug|Any CPU.ActiveCfg = Debug|Any CPU
		{32C4C0E7-D91B-43C8-8A05-AD62E7D20F7D}.Debug|Any CPU.Build.0 = Debug|Any CPU
		{32C4C0E7-D91B-43C8-8A05-AD62E7D20F7D}.Release|Any CPU.ActiveCfg = Release|Any CPU
		{32C4C0E7-D91B-43C8-8A05-AD62E7D20F7D}.Release|Any CPU.Build.0 = Release|Any CPU
		{D1E7D106-9909-4162-9D22-8798317915AF}.Debug|Any CPU.ActiveCfg = Debug|Any CPU
		{D1E7D106-9909-4162-9D22-8798317915AF}.Debug|Any CPU.Build.0 = Debug|Any CPU
		{D1E7D106-9909-4162-9D22-8798317915AF}.Release|Any CPU.ActiveCfg = Release|Any CPU
		{D1E7D106-9909-4162-9D22-8798317915AF}.Release|Any CPU.Build.0 = Release|Any CPU
		{47B7AFF9-B1E6-418F-ACD4-1541E7CDF570}.Debug|Any CPU.ActiveCfg = Debug|Any CPU
		{47B7AFF9-B1E6-418F-ACD4-1541E7CDF570}.Debug|Any CPU.Build.0 = Debug|Any CPU
		{47B7AFF9-B1E6-418F-ACD4-1541E7CDF570}.Release|Any CPU.ActiveCfg = Release|Any CPU
		{47B7AFF9-B1E6-418F-ACD4-1541E7CDF570}.Release|Any CPU.Build.0 = Release|Any CPU
		{80A10B86-6615-4440-93B0-C943DF5B8693}.Debug|Any CPU.ActiveCfg = Debug|Any CPU
		{80A10B86-6615-4440-93B0-C943DF5B8693}.Debug|Any CPU.Build.0 = Debug|Any CPU
		{80A10B86-6615-4440-93B0-C943DF5B8693}.Release|Any CPU.ActiveCfg = Release|Any CPU
		{80A10B86-6615-4440-93B0-C943DF5B8693}.Release|Any CPU.Build.0 = Release|Any CPU
		{C4DEF32B-8FBB-41B6-80DC-C60339402323}.Debug|Any CPU.ActiveCfg = Debug|Any CPU
		{C4DEF32B-8FBB-41B6-80DC-C60339402323}.Debug|Any CPU.Build.0 = Debug|Any CPU
		{C4DEF32B-8FBB-41B6-80DC-C60339402323}.Release|Any CPU.ActiveCfg = Release|Any CPU
		{C4DEF32B-8FBB-41B6-80DC-C60339402323}.Release|Any CPU.Build.0 = Release|Any CPU
		{E218923D-59A4-4FA5-B4BC-E540290DA3F8}.Debug|Any CPU.ActiveCfg = Debug|Any CPU
		{E218923D-59A4-4FA5-B4BC-E540290DA3F8}.Release|Any CPU.ActiveCfg = Release|Any CPU
		{A2CF5369-4665-49F6-B948-B44296002C3D}.Debug|Any CPU.ActiveCfg = Debug|Any CPU
		{A2CF5369-4665-49F6-B948-B44296002C3D}.Debug|Any CPU.Build.0 = Debug|Any CPU
		{A2CF5369-4665-49F6-B948-B44296002C3D}.Release|Any CPU.ActiveCfg = Release|Any CPU
		{A2CF5369-4665-49F6-B948-B44296002C3D}.Release|Any CPU.Build.0 = Release|Any CPU
		{0041073D-2FA7-4B35-B904-9C606C89C8CD}.Debug|Any CPU.ActiveCfg = Debug|Any CPU
		{0041073D-2FA7-4B35-B904-9C606C89C8CD}.Release|Any CPU.ActiveCfg = Release|Any CPU
		{33B8F5CA-34A7-4826-BAD9-7CEC63DF4D0C}.Debug|Any CPU.ActiveCfg = Debug|Any CPU
		{33B8F5CA-34A7-4826-BAD9-7CEC63DF4D0C}.Release|Any CPU.ActiveCfg = Release|Any CPU
		{A0011409-0A25-4E95-BF6D-EE7CB9C287DA}.Debug|Any CPU.ActiveCfg = Debug|Any CPU
		{A0011409-0A25-4E95-BF6D-EE7CB9C287DA}.Release|Any CPU.ActiveCfg = Release|Any CPU
		{B5919129-6716-499D-9516-04EC34C86CDF}.Debug|Any CPU.ActiveCfg = MD Debug|Win32
		{B5919129-6716-499D-9516-04EC34C86CDF}.Debug|Any CPU.Build.0 = MD Debug|Win32
		{B5919129-6716-499D-9516-04EC34C86CDF}.Release|Any CPU.ActiveCfg = MD Release|Win32
		{B5919129-6716-499D-9516-04EC34C86CDF}.Release|Any CPU.Build.0 = MD Release|Win32
		{E8CF1ADA-264A-4127-86C2-FD7057D3792C}.Debug|Any CPU.ActiveCfg = .NET Debug|Win32
		{E8CF1ADA-264A-4127-86C2-FD7057D3792C}.Debug|Any CPU.Build.0 = .NET Debug|Win32
		{E8CF1ADA-264A-4127-86C2-FD7057D3792C}.Release|Any CPU.ActiveCfg = .NET Release|Win32
		{E8CF1ADA-264A-4127-86C2-FD7057D3792C}.Release|Any CPU.Build.0 = .NET Release|Win32
	EndGlobalSection
	GlobalSection(SolutionProperties) = preSolution
		HideSolutionNode = FALSE
	EndGlobalSection
	GlobalSection(NestedProjects) = preSolution
		{C4DEF32B-8FBB-41B6-80DC-C60339402323} = {0EDD6245-5512-45E5-BC4E-8B02CE5BAEC2}
		{E218923D-59A4-4FA5-B4BC-E540290DA3F8} = {0EDD6245-5512-45E5-BC4E-8B02CE5BAEC2}
		{A2CF5369-4665-49F6-B948-B44296002C3D} = {0EDD6245-5512-45E5-BC4E-8B02CE5BAEC2}
		{0041073D-2FA7-4B35-B904-9C606C89C8CD} = {0EDD6245-5512-45E5-BC4E-8B02CE5BAEC2}
		{33B8F5CA-34A7-4826-BAD9-7CEC63DF4D0C} = {0EDD6245-5512-45E5-BC4E-8B02CE5BAEC2}
		{A0011409-0A25-4E95-BF6D-EE7CB9C287DA} = {0EDD6245-5512-45E5-BC4E-8B02CE5BAEC2}
		{B5919129-6716-499D-9516-04EC34C86CDF} = {4AC797E7-3B63-41C7-8380-CBE56B9BC4E5}
		{E8CF1ADA-264A-4127-86C2-FD7057D3792C} = {4AC797E7-3B63-41C7-8380-CBE56B9BC4E5}
	EndGlobalSection
EndGlobal
